// !$*UTF8*$!
{
	archiveVersion = 1;
	classes = {
	};
	objectVersion = 55;
	objects = {

/* Begin PBXBuildFile section */
		EE00843328820C8C003BA190 /* awsaryApp.swift in Sources */ = {isa = PBXBuildFile; fileRef = EE00842328820C8B003BA190 /* awsaryApp.swift */; };
		EE00843428820C8C003BA190 /* awsaryApp.swift in Sources */ = {isa = PBXBuildFile; fileRef = EE00842328820C8B003BA190 /* awsaryApp.swift */; };
		EE00843528820C8C003BA190 /* ContentView.swift in Sources */ = {isa = PBXBuildFile; fileRef = EE00842428820C8B003BA190 /* ContentView.swift */; };
		EE00843628820C8C003BA190 /* ContentView.swift in Sources */ = {isa = PBXBuildFile; fileRef = EE00842428820C8B003BA190 /* ContentView.swift */; };
		EE00843728820C8C003BA190 /* Assets.xcassets in Resources */ = {isa = PBXBuildFile; fileRef = EE00842528820C8C003BA190 /* Assets.xcassets */; };
		EE00843828820C8C003BA190 /* Assets.xcassets in Resources */ = {isa = PBXBuildFile; fileRef = EE00842528820C8C003BA190 /* Assets.xcassets */; };
		EE00CBB62963003200FE3DCB /* AwsServiceImageView.swift in Sources */ = {isa = PBXBuildFile; fileRef = EE00CBB52963003200FE3DCB /* AwsServiceImageView.swift */; };
		EE00CBB72963003200FE3DCB /* AwsServiceImageView.swift in Sources */ = {isa = PBXBuildFile; fileRef = EE00CBB52963003200FE3DCB /* AwsServiceImageView.swift */; };
		EE00CBB9296300C800FE3DCB /* AwsServices.swift in Sources */ = {isa = PBXBuildFile; fileRef = EE00CBB8296300C800FE3DCB /* AwsServices.swift */; };
		EE00CBBA296300C800FE3DCB /* AwsServices.swift in Sources */ = {isa = PBXBuildFile; fileRef = EE00CBB8296300C800FE3DCB /* AwsServices.swift */; };
		EE00CBBC29630AAF00FE3DCB /* MyYoutubePlayer.swift in Sources */ = {isa = PBXBuildFile; fileRef = EE00CBBB29630AAF00FE3DCB /* MyYoutubePlayer.swift */; };
		EE00CBBD29630AAF00FE3DCB /* MyYoutubePlayer.swift in Sources */ = {isa = PBXBuildFile; fileRef = EE00CBBB29630AAF00FE3DCB /* MyYoutubePlayer.swift */; };
		EE04F9CA2B6E48A400B8AA78 /* Game.swift in Sources */ = {isa = PBXBuildFile; fileRef = EE04F9C92B6E48A400B8AA78 /* Game.swift */; };
		EE04F9CB2B6E48A400B8AA78 /* Game.swift in Sources */ = {isa = PBXBuildFile; fileRef = EE04F9C92B6E48A400B8AA78 /* Game.swift */; };
		EE29922F29A3CB4E0071030A /* MarkdownUI in Frameworks */ = {isa = PBXBuildFile; productRef = EE29922E29A3CB4E0071030A /* MarkdownUI */; };
		EE4D8D932B9C5BC600A96E5C /* AWSaryAppClipApp.swift in Sources */ = {isa = PBXBuildFile; fileRef = EE4D8D922B9C5BC600A96E5C /* AWSaryAppClipApp.swift */; };
		EE4D8D972B9C5BC800A96E5C /* Assets.xcassets in Resources */ = {isa = PBXBuildFile; fileRef = EE4D8D962B9C5BC800A96E5C /* Assets.xcassets */; };
		EE4D8D9A2B9C5BC800A96E5C /* Preview Assets.xcassets in Resources */ = {isa = PBXBuildFile; fileRef = EE4D8D992B9C5BC800A96E5C /* Preview Assets.xcassets */; };
		EE4D8D9F2B9C5BC800A96E5C /* AWSaryAppClip.app in Embed App Clips */ = {isa = PBXBuildFile; fileRef = EE4D8D902B9C5BC600A96E5C /* AWSaryAppClip.app */; settings = {ATTRIBUTES = (RemoveHeadersOnCopy, ); }; };
		EE4D8DA42B9C5C7800A96E5C /* ContentView.swift in Sources */ = {isa = PBXBuildFile; fileRef = EE00842428820C8B003BA190 /* ContentView.swift */; };
		EE4D8DAA2B9C5CC700A96E5C /* aws_services.json in Resources */ = {isa = PBXBuildFile; fileRef = EE7C5E872A6BC5B9005A803F /* aws_services.json */; };
		EE4D8DAB2B9C5CCD00A96E5C /* AwsServices.swift in Sources */ = {isa = PBXBuildFile; fileRef = EE00CBB8296300C800FE3DCB /* AwsServices.swift */; };
		EE4D8DAC2B9C5CCD00A96E5C /* awsService.swift in Sources */ = {isa = PBXBuildFile; fileRef = EEE8414128820E3B0062238E /* awsService.swift */; };
		EE4D8DAE2B9C5CD100A96E5C /* Game.swift in Sources */ = {isa = PBXBuildFile; fileRef = EE04F9C92B6E48A400B8AA78 /* Game.swift */; };
		EE4D8DAF2B9C5CD100A96E5C /* DetailsView.swift in Sources */ = {isa = PBXBuildFile; fileRef = EEE0804F2885A4C000F8F7A4 /* DetailsView.swift */; };
		EE4D8DB02B9C5CD800A96E5C /* Assets.xcassets in Resources */ = {isa = PBXBuildFile; fileRef = EE00842528820C8C003BA190 /* Assets.xcassets */; };
		EE4D8DB22B9C5CD800A96E5C /* AWSserviceImagePlaceHolderView.swift in Sources */ = {isa = PBXBuildFile; fileRef = EE6A4ED22AA678EA009C1EB4 /* AWSserviceImagePlaceHolderView.swift */; };
		EE4D8DB32B9C5CD800A96E5C /* AwsServiceImageView.swift in Sources */ = {isa = PBXBuildFile; fileRef = EE00CBB52963003200FE3DCB /* AwsServiceImageView.swift */; };
		EE4D8DB42B9C5CD800A96E5C /* MyYoutubePlayer.swift in Sources */ = {isa = PBXBuildFile; fileRef = EE00CBBB29630AAF00FE3DCB /* MyYoutubePlayer.swift */; };
		EE4D8DB72B9C5E7B00A96E5C /* YouTubePlayerKit in Frameworks */ = {isa = PBXBuildFile; productRef = EE4D8DB62B9C5E7B00A96E5C /* YouTubePlayerKit */; };
		EE4D8DB92B9C5E7B00A96E5C /* MarkdownUI in Frameworks */ = {isa = PBXBuildFile; productRef = EE4D8DB82B9C5E7B00A96E5C /* MarkdownUI */; };
		EE4D8DBB2B9C5E7B00A96E5C /* RevenueCat in Frameworks */ = {isa = PBXBuildFile; productRef = EE4D8DBA2B9C5E7B00A96E5C /* RevenueCat */; };
		EE4D8DBD2B9E639500A96E5C /* AboutViewClipApp.swift in Sources */ = {isa = PBXBuildFile; fileRef = EE4D8DBC2B9E639500A96E5C /* AboutViewClipApp.swift */; };
		EE4D8DBE2B9E64B500A96E5C /* Constants.swift in Sources */ = {isa = PBXBuildFile; fileRef = EE7AE2B32A7072ED00DEEBBE /* Constants.swift */; };
		EE4D8DBF2B9E64C200A96E5C /* UserViewModel.swift in Sources */ = {isa = PBXBuildFile; fileRef = EE7AE2BA2A72547F00DEEBBE /* UserViewModel.swift */; };
		EE4D8DC02B9E64CC00A96E5C /* PurchasesDelegateHandler.swift in Sources */ = {isa = PBXBuildFile; fileRef = EE7AE2B72A71CDA100DEEBBE /* PurchasesDelegateHandler.swift */; };
		EE6A4ED32AA678EA009C1EB4 /* AWSserviceImagePlaceHolderView.swift in Sources */ = {isa = PBXBuildFile; fileRef = EE6A4ED22AA678EA009C1EB4 /* AWSserviceImagePlaceHolderView.swift */; };
		EE7AE2B42A7072ED00DEEBBE /* Constants.swift in Sources */ = {isa = PBXBuildFile; fileRef = EE7AE2B32A7072ED00DEEBBE /* Constants.swift */; };
		EE7AE2B52A7072ED00DEEBBE /* Constants.swift in Sources */ = {isa = PBXBuildFile; fileRef = EE7AE2B32A7072ED00DEEBBE /* Constants.swift */; };
		EE7AE2B82A71CDA100DEEBBE /* PurchasesDelegateHandler.swift in Sources */ = {isa = PBXBuildFile; fileRef = EE7AE2B72A71CDA100DEEBBE /* PurchasesDelegateHandler.swift */; };
		EE7AE2B92A71CDA100DEEBBE /* PurchasesDelegateHandler.swift in Sources */ = {isa = PBXBuildFile; fileRef = EE7AE2B72A71CDA100DEEBBE /* PurchasesDelegateHandler.swift */; };
		EE7AE2BB2A72547F00DEEBBE /* UserViewModel.swift in Sources */ = {isa = PBXBuildFile; fileRef = EE7AE2BA2A72547F00DEEBBE /* UserViewModel.swift */; };
		EE7AE2BC2A72547F00DEEBBE /* UserViewModel.swift in Sources */ = {isa = PBXBuildFile; fileRef = EE7AE2BA2A72547F00DEEBBE /* UserViewModel.swift */; };
		EE7AE2C12A72559300DEEBBE /* Extensions.swift in Sources */ = {isa = PBXBuildFile; fileRef = EE7AE2C02A72559300DEEBBE /* Extensions.swift */; };
		EE7AE2C22A72559300DEEBBE /* Extensions.swift in Sources */ = {isa = PBXBuildFile; fileRef = EE7AE2C02A72559300DEEBBE /* Extensions.swift */; };
		EE7AE2C52A7258B400DEEBBE /* PaywallView.swift in Sources */ = {isa = PBXBuildFile; fileRef = EE7AE2C42A7258B400DEEBBE /* PaywallView.swift */; };
		EE7AE2C62A7258B400DEEBBE /* PaywallView.swift in Sources */ = {isa = PBXBuildFile; fileRef = EE7AE2C42A7258B400DEEBBE /* PaywallView.swift */; };
		EE7C5E882A6BC5B9005A803F /* aws_services.json in Resources */ = {isa = PBXBuildFile; fileRef = EE7C5E872A6BC5B9005A803F /* aws_services.json */; };
		EE7C5E892A6BC5B9005A803F /* aws_services.json in Resources */ = {isa = PBXBuildFile; fileRef = EE7C5E872A6BC5B9005A803F /* aws_services.json */; };
		EE7C5E8F2A701DC1005A803F /* RevenueCat in Frameworks */ = {isa = PBXBuildFile; productRef = EE7C5E8E2A701DC1005A803F /* RevenueCat */; };
		EEB93EC52A7AFCC300373D29 /* StoreKit.framework in Frameworks */ = {isa = PBXBuildFile; fileRef = EEB93EC42A7AFCC300373D29 /* StoreKit.framework */; };
		EECFBC9028883E6A00FFDB49 /* AboutView.swift in Sources */ = {isa = PBXBuildFile; fileRef = EECFBC8F28883E6A00FFDB49 /* AboutView.swift */; };
		EECFBC9128883E6A00FFDB49 /* AboutView.swift in Sources */ = {isa = PBXBuildFile; fileRef = EECFBC8F28883E6A00FFDB49 /* AboutView.swift */; };
		EEE080502885A4C000F8F7A4 /* DetailsView.swift in Sources */ = {isa = PBXBuildFile; fileRef = EEE0804F2885A4C000F8F7A4 /* DetailsView.swift */; };
		EEE080512885A4C000F8F7A4 /* DetailsView.swift in Sources */ = {isa = PBXBuildFile; fileRef = EEE0804F2885A4C000F8F7A4 /* DetailsView.swift */; };
		EEE7348F2889A72000718ACC /* YouTubePlayerKit in Frameworks */ = {isa = PBXBuildFile; productRef = EEE7348E2889A72000718ACC /* YouTubePlayerKit */; };
		EEE8414228820E3B0062238E /* awsService.swift in Sources */ = {isa = PBXBuildFile; fileRef = EEE8414128820E3B0062238E /* awsService.swift */; };
		EEE8414328820E3B0062238E /* awsService.swift in Sources */ = {isa = PBXBuildFile; fileRef = EEE8414128820E3B0062238E /* awsService.swift */; };
/* End PBXBuildFile section */

/* Begin PBXContainerItemProxy section */
		EE4D8D9D2B9C5BC800A96E5C /* PBXContainerItemProxy */ = {
			isa = PBXContainerItemProxy;
			containerPortal = EE00841E28820C8B003BA190 /* Project object */;
			proxyType = 1;
			remoteGlobalIDString = EE4D8D8F2B9C5BC600A96E5C;
			remoteInfo = AWSaryAppClip;
		};
/* End PBXContainerItemProxy section */

/* Begin PBXCopyFilesBuildPhase section */
		EE4D8DA02B9C5BC800A96E5C /* Embed App Clips */ = {
			isa = PBXCopyFilesBuildPhase;
			buildActionMask = 2147483647;
			dstPath = "$(CONTENTS_FOLDER_PATH)/AppClips";
			dstSubfolderSpec = 16;
			files = (
				EE4D8D9F2B9C5BC800A96E5C /* AWSaryAppClip.app in Embed App Clips */,
			);
			name = "Embed App Clips";
			runOnlyForDeploymentPostprocessing = 0;
		};
/* End PBXCopyFilesBuildPhase section */

/* Begin PBXFileReference section */
		EE00842328820C8B003BA190 /* awsaryApp.swift */ = {isa = PBXFileReference; lastKnownFileType = sourcecode.swift; path = awsaryApp.swift; sourceTree = "<group>"; };
		EE00842428820C8B003BA190 /* ContentView.swift */ = {isa = PBXFileReference; lastKnownFileType = sourcecode.swift; path = ContentView.swift; sourceTree = "<group>"; };
		EE00842528820C8C003BA190 /* Assets.xcassets */ = {isa = PBXFileReference; lastKnownFileType = folder.assetcatalog; path = Assets.xcassets; sourceTree = "<group>"; };
		EE00842A28820C8C003BA190 /* AWSary.app */ = {isa = PBXFileReference; explicitFileType = wrapper.application; includeInIndex = 0; path = AWSary.app; sourceTree = BUILT_PRODUCTS_DIR; };
		EE00843028820C8C003BA190 /* awsary.app */ = {isa = PBXFileReference; explicitFileType = wrapper.application; includeInIndex = 0; path = awsary.app; sourceTree = BUILT_PRODUCTS_DIR; };
		EE00843228820C8C003BA190 /* macOS.entitlements */ = {isa = PBXFileReference; lastKnownFileType = text.plist.entitlements; path = macOS.entitlements; sourceTree = "<group>"; };
		EE00CBB52963003200FE3DCB /* AwsServiceImageView.swift */ = {isa = PBXFileReference; lastKnownFileType = sourcecode.swift; path = AwsServiceImageView.swift; sourceTree = "<group>"; };
		EE00CBB8296300C800FE3DCB /* AwsServices.swift */ = {isa = PBXFileReference; lastKnownFileType = sourcecode.swift; path = AwsServices.swift; sourceTree = "<group>"; };
		EE00CBBB29630AAF00FE3DCB /* MyYoutubePlayer.swift */ = {isa = PBXFileReference; lastKnownFileType = sourcecode.swift; path = MyYoutubePlayer.swift; sourceTree = "<group>"; };
		EE04F9C92B6E48A400B8AA78 /* Game.swift */ = {isa = PBXFileReference; lastKnownFileType = sourcecode.swift; path = Game.swift; sourceTree = "<group>"; };
		EE2F01E529643CAF003EEB21 /* awsary--iOS--Info.plist */ = {isa = PBXFileReference; lastKnownFileType = text.plist; path = "awsary--iOS--Info.plist"; sourceTree = "<group>"; };
		EE4D8D902B9C5BC600A96E5C /* AWSaryAppClip.app */ = {isa = PBXFileReference; explicitFileType = wrapper.application; includeInIndex = 0; path = AWSaryAppClip.app; sourceTree = BUILT_PRODUCTS_DIR; };
		EE4D8D922B9C5BC600A96E5C /* AWSaryAppClipApp.swift */ = {isa = PBXFileReference; lastKnownFileType = sourcecode.swift; path = AWSaryAppClipApp.swift; sourceTree = "<group>"; };
		EE4D8D962B9C5BC800A96E5C /* Assets.xcassets */ = {isa = PBXFileReference; lastKnownFileType = folder.assetcatalog; path = Assets.xcassets; sourceTree = "<group>"; };
		EE4D8D992B9C5BC800A96E5C /* Preview Assets.xcassets */ = {isa = PBXFileReference; lastKnownFileType = folder.assetcatalog; path = "Preview Assets.xcassets"; sourceTree = "<group>"; };
		EE4D8D9B2B9C5BC800A96E5C /* Info.plist */ = {isa = PBXFileReference; lastKnownFileType = text.plist.xml; path = Info.plist; sourceTree = "<group>"; };
		EE4D8D9C2B9C5BC800A96E5C /* AWSaryAppClip.entitlements */ = {isa = PBXFileReference; lastKnownFileType = text.plist.entitlements; path = AWSaryAppClip.entitlements; sourceTree = "<group>"; };
		EE4D8DBC2B9E639500A96E5C /* AboutViewClipApp.swift */ = {isa = PBXFileReference; lastKnownFileType = sourcecode.swift; path = AboutViewClipApp.swift; sourceTree = "<group>"; };
		EE4D8DC12B9E730500A96E5C /* awsary (iOS).entitlements */ = {isa = PBXFileReference; lastKnownFileType = text.plist.entitlements; path = "awsary (iOS).entitlements"; sourceTree = "<group>"; };
		EE6A4ED22AA678EA009C1EB4 /* AWSserviceImagePlaceHolderView.swift */ = {isa = PBXFileReference; lastKnownFileType = sourcecode.swift; path = AWSserviceImagePlaceHolderView.swift; sourceTree = "<group>"; };
		EE7AE2B32A7072ED00DEEBBE /* Constants.swift */ = {isa = PBXFileReference; fileEncoding = 4; lastKnownFileType = sourcecode.swift; path = Constants.swift; sourceTree = "<group>"; };
		EE7AE2B72A71CDA100DEEBBE /* PurchasesDelegateHandler.swift */ = {isa = PBXFileReference; fileEncoding = 4; lastKnownFileType = sourcecode.swift; path = PurchasesDelegateHandler.swift; sourceTree = "<group>"; };
		EE7AE2BA2A72547F00DEEBBE /* UserViewModel.swift */ = {isa = PBXFileReference; fileEncoding = 4; lastKnownFileType = sourcecode.swift; path = UserViewModel.swift; sourceTree = "<group>"; };
		EE7AE2C02A72559300DEEBBE /* Extensions.swift */ = {isa = PBXFileReference; fileEncoding = 4; lastKnownFileType = sourcecode.swift; path = Extensions.swift; sourceTree = "<group>"; };
		EE7AE2C42A7258B400DEEBBE /* PaywallView.swift */ = {isa = PBXFileReference; fileEncoding = 4; lastKnownFileType = sourcecode.swift; path = PaywallView.swift; sourceTree = "<group>"; };
		EE7C5E872A6BC5B9005A803F /* aws_services.json */ = {isa = PBXFileReference; fileEncoding = 4; lastKnownFileType = text.json; name = aws_services.json; path = ../../website/aws_services.json; sourceTree = "<group>"; };
		EEB93EBD2A7AF9BE00373D29 /* Configuration.storekit */ = {isa = PBXFileReference; lastKnownFileType = text; path = Configuration.storekit; sourceTree = "<group>"; };
		EEB93EC42A7AFCC300373D29 /* StoreKit.framework */ = {isa = PBXFileReference; lastKnownFileType = wrapper.framework; name = StoreKit.framework; path = System/Library/Frameworks/StoreKit.framework; sourceTree = SDKROOT; };
		EECFBC8F28883E6A00FFDB49 /* AboutView.swift */ = {isa = PBXFileReference; lastKnownFileType = sourcecode.swift; path = AboutView.swift; sourceTree = "<group>"; };
		EEE0804F2885A4C000F8F7A4 /* DetailsView.swift */ = {isa = PBXFileReference; lastKnownFileType = sourcecode.swift; path = DetailsView.swift; sourceTree = "<group>"; };
		EEE8414128820E3B0062238E /* awsService.swift */ = {isa = PBXFileReference; fileEncoding = 4; lastKnownFileType = sourcecode.swift; path = awsService.swift; sourceTree = "<group>"; };
/* End PBXFileReference section */

/* Begin PBXFrameworksBuildPhase section */
		EE00842728820C8C003BA190 /* Frameworks */ = {
			isa = PBXFrameworksBuildPhase;
			buildActionMask = 2147483647;
			files = (
				EE7C5E8F2A701DC1005A803F /* RevenueCat in Frameworks */,
				EE29922F29A3CB4E0071030A /* MarkdownUI in Frameworks */,
				EEE7348F2889A72000718ACC /* YouTubePlayerKit in Frameworks */,
			);
			runOnlyForDeploymentPostprocessing = 0;
		};
		EE00842D28820C8C003BA190 /* Frameworks */ = {
			isa = PBXFrameworksBuildPhase;
			buildActionMask = 2147483647;
			files = (
				EEB93EC52A7AFCC300373D29 /* StoreKit.framework in Frameworks */,
			);
			runOnlyForDeploymentPostprocessing = 0;
		};
		EE4D8D8D2B9C5BC600A96E5C /* Frameworks */ = {
			isa = PBXFrameworksBuildPhase;
			buildActionMask = 2147483647;
			files = (
				EE4D8DB72B9C5E7B00A96E5C /* YouTubePlayerKit in Frameworks */,
				EE4D8DB92B9C5E7B00A96E5C /* MarkdownUI in Frameworks */,
				EE4D8DBB2B9C5E7B00A96E5C /* RevenueCat in Frameworks */,
			);
			runOnlyForDeploymentPostprocessing = 0;
		};
/* End PBXFrameworksBuildPhase section */

/* Begin PBXGroup section */
		EE00841D28820C8B003BA190 = {
			isa = PBXGroup;
			children = (
				EE4D8DC12B9E730500A96E5C /* awsary (iOS).entitlements */,
				EE00842228820C8B003BA190 /* Shared */,
				EE00843128820C8C003BA190 /* macOS */,
				EE2F01E529643CAF003EEB21 /* awsary--iOS--Info.plist */,
				EE4D8D912B9C5BC600A96E5C /* AWSaryAppClip */,
				EE00842B28820C8C003BA190 /* Products */,
				EEB93EBF2A7AFCA000373D29 /* Frameworks */,
			);
			sourceTree = "<group>";
		};
		EE00842228820C8B003BA190 /* Shared */ = {
			isa = PBXGroup;
			children = (
				EE7AE2B62A71CD7700DEEBBE /* RevenueCat */,
				EE7C5E872A6BC5B9005A803F /* aws_services.json */,
				EE00CBBF29630BC800FE3DCB /* DataModels */,
				EE00CBBE29630BB300FE3DCB /* MainViews */,
				EE00CBC029630C0A00FE3DCB /* AuxiliarViews */,
				EE00842328820C8B003BA190 /* awsaryApp.swift */,
				EE00842528820C8C003BA190 /* Assets.xcassets */,
			);
			path = Shared;
			sourceTree = "<group>";
		};
		EE00842B28820C8C003BA190 /* Products */ = {
			isa = PBXGroup;
			children = (
				EE00842A28820C8C003BA190 /* AWSary.app */,
				EE00843028820C8C003BA190 /* awsary.app */,
				EE4D8D902B9C5BC600A96E5C /* AWSaryAppClip.app */,
			);
			name = Products;
			sourceTree = "<group>";
		};
		EE00843128820C8C003BA190 /* macOS */ = {
			isa = PBXGroup;
			children = (
				EE00843228820C8C003BA190 /* macOS.entitlements */,
			);
			path = macOS;
			sourceTree = "<group>";
		};
		EE00CBBE29630BB300FE3DCB /* MainViews */ = {
			isa = PBXGroup;
			children = (
				EE00842428820C8B003BA190 /* ContentView.swift */,
				EE04F9C92B6E48A400B8AA78 /* Game.swift */,
				EEE0804F2885A4C000F8F7A4 /* DetailsView.swift */,
				EECFBC8F28883E6A00FFDB49 /* AboutView.swift */,
			);
			path = MainViews;
			sourceTree = "<group>";
		};
		EE00CBBF29630BC800FE3DCB /* DataModels */ = {
			isa = PBXGroup;
			children = (
				EEE8414128820E3B0062238E /* awsService.swift */,
				EE00CBB8296300C800FE3DCB /* AwsServices.swift */,
			);
			path = DataModels;
			sourceTree = "<group>";
		};
		EE00CBC029630C0A00FE3DCB /* AuxiliarViews */ = {
			isa = PBXGroup;
			children = (
				EE00CBB52963003200FE3DCB /* AwsServiceImageView.swift */,
				EE6A4ED22AA678EA009C1EB4 /* AWSserviceImagePlaceHolderView.swift */,
				EE00CBBB29630AAF00FE3DCB /* MyYoutubePlayer.swift */,
			);
			path = AuxiliarViews;
			sourceTree = "<group>";
		};
		EE4D8D912B9C5BC600A96E5C /* AWSaryAppClip */ = {
			isa = PBXGroup;
			children = (
				EE4D8DBC2B9E639500A96E5C /* AboutViewClipApp.swift */,
				EE4D8D922B9C5BC600A96E5C /* AWSaryAppClipApp.swift */,
				EE4D8D962B9C5BC800A96E5C /* Assets.xcassets */,
				EE4D8D9B2B9C5BC800A96E5C /* Info.plist */,
				EE4D8D9C2B9C5BC800A96E5C /* AWSaryAppClip.entitlements */,
				EE4D8D982B9C5BC800A96E5C /* Preview Content */,
			);
			path = AWSaryAppClip;
			sourceTree = "<group>";
		};
		EE4D8D982B9C5BC800A96E5C /* Preview Content */ = {
			isa = PBXGroup;
			children = (
				EE4D8D992B9C5BC800A96E5C /* Preview Assets.xcassets */,
			);
			path = "Preview Content";
			sourceTree = "<group>";
		};
		EE7AE2B62A71CD7700DEEBBE /* RevenueCat */ = {
			isa = PBXGroup;
			children = (
				EEB93EBD2A7AF9BE00373D29 /* Configuration.storekit */,
				EE7AE2B32A7072ED00DEEBBE /* Constants.swift */,
				EE7AE2BF2A72558300DEEBBE /* Lifecycle */,
				EE7AE2C32A7258A400DEEBBE /* Views */,
				EE7AE2BE2A72556900DEEBBE /* ViewModels */,
				EE7AE2BD2A72555D00DEEBBE /* Helpers */,
			);
			path = RevenueCat;
			sourceTree = "<group>";
		};
		EE7AE2BD2A72555D00DEEBBE /* Helpers */ = {
			isa = PBXGroup;
			children = (
				EE7AE2C02A72559300DEEBBE /* Extensions.swift */,
			);
			path = Helpers;
			sourceTree = "<group>";
		};
		EE7AE2BE2A72556900DEEBBE /* ViewModels */ = {
			isa = PBXGroup;
			children = (
				EE7AE2BA2A72547F00DEEBBE /* UserViewModel.swift */,
			);
			path = ViewModels;
			sourceTree = "<group>";
		};
		EE7AE2BF2A72558300DEEBBE /* Lifecycle */ = {
			isa = PBXGroup;
			children = (
				EE7AE2B72A71CDA100DEEBBE /* PurchasesDelegateHandler.swift */,
			);
			path = Lifecycle;
			sourceTree = "<group>";
		};
		EE7AE2C32A7258A400DEEBBE /* Views */ = {
			isa = PBXGroup;
			children = (
				EE7AE2C42A7258B400DEEBBE /* PaywallView.swift */,
			);
			path = Views;
			sourceTree = "<group>";
		};
		EEB93EBF2A7AFCA000373D29 /* Frameworks */ = {
			isa = PBXGroup;
			children = (
				EEB93EC42A7AFCC300373D29 /* StoreKit.framework */,
			);
			name = Frameworks;
			sourceTree = "<group>";
		};
/* End PBXGroup section */

/* Begin PBXNativeTarget section */
		EE00842928820C8C003BA190 /* awsary (iOS) */ = {
			isa = PBXNativeTarget;
			buildConfigurationList = EE00843B28820C8C003BA190 /* Build configuration list for PBXNativeTarget "awsary (iOS)" */;
			buildPhases = (
				EE00842628820C8C003BA190 /* Sources */,
				EE00842728820C8C003BA190 /* Frameworks */,
				EE00842828820C8C003BA190 /* Resources */,
				EE4D8DA02B9C5BC800A96E5C /* Embed App Clips */,
			);
			buildRules = (
			);
			dependencies = (
				EE4D8D9E2B9C5BC800A96E5C /* PBXTargetDependency */,
			);
			name = "awsary (iOS)";
			packageProductDependencies = (
				EEE7348E2889A72000718ACC /* YouTubePlayerKit */,
				EE29922E29A3CB4E0071030A /* MarkdownUI */,
				EE7C5E8E2A701DC1005A803F /* RevenueCat */,
			);
			productName = "awsary (iOS)";
			productReference = EE00842A28820C8C003BA190 /* AWSary.app */;
			productType = "com.apple.product-type.application";
		};
		EE00842F28820C8C003BA190 /* awsary (macOS) */ = {
			isa = PBXNativeTarget;
			buildConfigurationList = EE00843E28820C8C003BA190 /* Build configuration list for PBXNativeTarget "awsary (macOS)" */;
			buildPhases = (
				EE00842C28820C8C003BA190 /* Sources */,
				EE00842D28820C8C003BA190 /* Frameworks */,
				EE00842E28820C8C003BA190 /* Resources */,
			);
			buildRules = (
			);
			dependencies = (
			);
			name = "awsary (macOS)";
			productName = "awsary (macOS)";
			productReference = EE00843028820C8C003BA190 /* awsary.app */;
			productType = "com.apple.product-type.application";
		};
		EE4D8D8F2B9C5BC600A96E5C /* AWSaryAppClip */ = {
			isa = PBXNativeTarget;
			buildConfigurationList = EE4D8DA32B9C5BC800A96E5C /* Build configuration list for PBXNativeTarget "AWSaryAppClip" */;
			buildPhases = (
				EE4D8D8C2B9C5BC600A96E5C /* Sources */,
				EE4D8D8D2B9C5BC600A96E5C /* Frameworks */,
				EE4D8D8E2B9C5BC600A96E5C /* Resources */,
			);
			buildRules = (
			);
			dependencies = (
			);
			name = AWSaryAppClip;
			packageProductDependencies = (
				EE4D8DB62B9C5E7B00A96E5C /* YouTubePlayerKit */,
				EE4D8DB82B9C5E7B00A96E5C /* MarkdownUI */,
				EE4D8DBA2B9C5E7B00A96E5C /* RevenueCat */,
			);
			productName = AWSaryAppClip;
			productReference = EE4D8D902B9C5BC600A96E5C /* AWSaryAppClip.app */;
			productType = "com.apple.product-type.application.on-demand-install-capable";
		};
/* End PBXNativeTarget section */

/* Begin PBXProject section */
		EE00841E28820C8B003BA190 /* Project object */ = {
			isa = PBXProject;
			attributes = {
				BuildIndependentTargetsInParallel = 1;
				LastSwiftUpdateCheck = 1530;
				LastUpgradeCheck = 1500;
				TargetAttributes = {
					EE00842928820C8C003BA190 = {
						CreatedOnToolsVersion = 13.4.1;
					};
					EE00842F28820C8C003BA190 = {
						CreatedOnToolsVersion = 13.4.1;
					};
					EE4D8D8F2B9C5BC600A96E5C = {
						CreatedOnToolsVersion = 15.3;
					};
				};
			};
			buildConfigurationList = EE00842128820C8B003BA190 /* Build configuration list for PBXProject "awsary" */;
			compatibilityVersion = "Xcode 13.0";
			developmentRegion = en;
			hasScannedForEncodings = 0;
			knownRegions = (
				en,
				Base,
			);
			mainGroup = EE00841D28820C8B003BA190;
			packageReferences = (
				EEE7348D2889A72000718ACC /* XCRemoteSwiftPackageReference "YouTubePlayerKit" */,
				EE29922D29A3CB4E0071030A /* XCRemoteSwiftPackageReference "swift-markdown-ui" */,
				EE7C5E8D2A701DC1005A803F /* XCRemoteSwiftPackageReference "purchases-ios" */,
			);
			productRefGroup = EE00842B28820C8C003BA190 /* Products */;
			projectDirPath = "";
			projectRoot = "";
			targets = (
				EE00842928820C8C003BA190 /* awsary (iOS) */,
				EE00842F28820C8C003BA190 /* awsary (macOS) */,
				EE4D8D8F2B9C5BC600A96E5C /* AWSaryAppClip */,
			);
		};
/* End PBXProject section */

/* Begin PBXResourcesBuildPhase section */
		EE00842828820C8C003BA190 /* Resources */ = {
			isa = PBXResourcesBuildPhase;
			buildActionMask = 2147483647;
			files = (
				EE00843728820C8C003BA190 /* Assets.xcassets in Resources */,
				EE7C5E882A6BC5B9005A803F /* aws_services.json in Resources */,
			);
			runOnlyForDeploymentPostprocessing = 0;
		};
		EE00842E28820C8C003BA190 /* Resources */ = {
			isa = PBXResourcesBuildPhase;
			buildActionMask = 2147483647;
			files = (
				EE00843828820C8C003BA190 /* Assets.xcassets in Resources */,
				EE7C5E892A6BC5B9005A803F /* aws_services.json in Resources */,
			);
			runOnlyForDeploymentPostprocessing = 0;
		};
		EE4D8D8E2B9C5BC600A96E5C /* Resources */ = {
			isa = PBXResourcesBuildPhase;
			buildActionMask = 2147483647;
			files = (
				EE4D8D9A2B9C5BC800A96E5C /* Preview Assets.xcassets in Resources */,
				EE4D8D972B9C5BC800A96E5C /* Assets.xcassets in Resources */,
				EE4D8DB02B9C5CD800A96E5C /* Assets.xcassets in Resources */,
				EE4D8DAA2B9C5CC700A96E5C /* aws_services.json in Resources */,
			);
			runOnlyForDeploymentPostprocessing = 0;
		};
/* End PBXResourcesBuildPhase section */

/* Begin PBXSourcesBuildPhase section */
		EE00842628820C8C003BA190 /* Sources */ = {
			isa = PBXSourcesBuildPhase;
			buildActionMask = 2147483647;
			files = (
				EE7AE2C52A7258B400DEEBBE /* PaywallView.swift in Sources */,
				EE00843528820C8C003BA190 /* ContentView.swift in Sources */,
				EE7AE2BB2A72547F00DEEBBE /* UserViewModel.swift in Sources */,
				EEE080502885A4C000F8F7A4 /* DetailsView.swift in Sources */,
				EE00CBBC29630AAF00FE3DCB /* MyYoutubePlayer.swift in Sources */,
				EE00843328820C8C003BA190 /* awsaryApp.swift in Sources */,
				EE00CBB9296300C800FE3DCB /* AwsServices.swift in Sources */,
				EECFBC9028883E6A00FFDB49 /* AboutView.swift in Sources */,
				EE6A4ED32AA678EA009C1EB4 /* AWSserviceImagePlaceHolderView.swift in Sources */,
				EE7AE2C12A72559300DEEBBE /* Extensions.swift in Sources */,
				EEE8414228820E3B0062238E /* awsService.swift in Sources */,
				EE00CBB62963003200FE3DCB /* AwsServiceImageView.swift in Sources */,
				EE7AE2B82A71CDA100DEEBBE /* PurchasesDelegateHandler.swift in Sources */,
				EE7AE2B42A7072ED00DEEBBE /* Constants.swift in Sources */,
				EE04F9CA2B6E48A400B8AA78 /* Game.swift in Sources */,
			);
			runOnlyForDeploymentPostprocessing = 0;
		};
		EE00842C28820C8C003BA190 /* Sources */ = {
			isa = PBXSourcesBuildPhase;
			buildActionMask = 2147483647;
			files = (
				EE7AE2C62A7258B400DEEBBE /* PaywallView.swift in Sources */,
				EE04F9CB2B6E48A400B8AA78 /* Game.swift in Sources */,
				EE00843628820C8C003BA190 /* ContentView.swift in Sources */,
				EE7AE2BC2A72547F00DEEBBE /* UserViewModel.swift in Sources */,
				EEE080512885A4C000F8F7A4 /* DetailsView.swift in Sources */,
				EE00CBBD29630AAF00FE3DCB /* MyYoutubePlayer.swift in Sources */,
				EE00843428820C8C003BA190 /* awsaryApp.swift in Sources */,
				EE00CBBA296300C800FE3DCB /* AwsServices.swift in Sources */,
				EECFBC9128883E6A00FFDB49 /* AboutView.swift in Sources */,
				EE7AE2C22A72559300DEEBBE /* Extensions.swift in Sources */,
				EEE8414328820E3B0062238E /* awsService.swift in Sources */,
				EE00CBB72963003200FE3DCB /* AwsServiceImageView.swift in Sources */,
				EE7AE2B92A71CDA100DEEBBE /* PurchasesDelegateHandler.swift in Sources */,
				EE7AE2B52A7072ED00DEEBBE /* Constants.swift in Sources */,
			);
			runOnlyForDeploymentPostprocessing = 0;
		};
		EE4D8D8C2B9C5BC600A96E5C /* Sources */ = {
			isa = PBXSourcesBuildPhase;
			buildActionMask = 2147483647;
			files = (
				EE4D8DBD2B9E639500A96E5C /* AboutViewClipApp.swift in Sources */,
				EE4D8DBF2B9E64C200A96E5C /* UserViewModel.swift in Sources */,
				EE4D8DBE2B9E64B500A96E5C /* Constants.swift in Sources */,
				EE4D8DAB2B9C5CCD00A96E5C /* AwsServices.swift in Sources */,
				EE4D8DAC2B9C5CCD00A96E5C /* awsService.swift in Sources */,
				EE4D8DC02B9E64CC00A96E5C /* PurchasesDelegateHandler.swift in Sources */,
				EE4D8DB22B9C5CD800A96E5C /* AWSserviceImagePlaceHolderView.swift in Sources */,
				EE4D8DB32B9C5CD800A96E5C /* AwsServiceImageView.swift in Sources */,
				EE4D8DB42B9C5CD800A96E5C /* MyYoutubePlayer.swift in Sources */,
				EE4D8DAE2B9C5CD100A96E5C /* Game.swift in Sources */,
				EE4D8DAF2B9C5CD100A96E5C /* DetailsView.swift in Sources */,
				EE4D8D932B9C5BC600A96E5C /* AWSaryAppClipApp.swift in Sources */,
				EE4D8DA42B9C5C7800A96E5C /* ContentView.swift in Sources */,
			);
			runOnlyForDeploymentPostprocessing = 0;
		};
/* End PBXSourcesBuildPhase section */

/* Begin PBXTargetDependency section */
		EE4D8D9E2B9C5BC800A96E5C /* PBXTargetDependency */ = {
			isa = PBXTargetDependency;
			target = EE4D8D8F2B9C5BC600A96E5C /* AWSaryAppClip */;
			targetProxy = EE4D8D9D2B9C5BC800A96E5C /* PBXContainerItemProxy */;
		};
/* End PBXTargetDependency section */

/* Begin XCBuildConfiguration section */
		EE00843928820C8C003BA190 /* Debug */ = {
			isa = XCBuildConfiguration;
			buildSettings = {
				ALWAYS_SEARCH_USER_PATHS = NO;
				ASSETCATALOG_COMPILER_GENERATE_SWIFT_ASSET_SYMBOL_EXTENSIONS = YES;
				CLANG_ANALYZER_NONNULL = YES;
				CLANG_ANALYZER_NUMBER_OBJECT_CONVERSION = YES_AGGRESSIVE;
				CLANG_CXX_LANGUAGE_STANDARD = "gnu++17";
				CLANG_ENABLE_MODULES = YES;
				CLANG_ENABLE_OBJC_ARC = YES;
				CLANG_ENABLE_OBJC_WEAK = YES;
				CLANG_WARN_BLOCK_CAPTURE_AUTORELEASING = YES;
				CLANG_WARN_BOOL_CONVERSION = YES;
				CLANG_WARN_COMMA = YES;
				CLANG_WARN_CONSTANT_CONVERSION = YES;
				CLANG_WARN_DEPRECATED_OBJC_IMPLEMENTATIONS = YES;
				CLANG_WARN_DIRECT_OBJC_ISA_USAGE = YES_ERROR;
				CLANG_WARN_DOCUMENTATION_COMMENTS = YES;
				CLANG_WARN_EMPTY_BODY = YES;
				CLANG_WARN_ENUM_CONVERSION = YES;
				CLANG_WARN_INFINITE_RECURSION = YES;
				CLANG_WARN_INT_CONVERSION = YES;
				CLANG_WARN_NON_LITERAL_NULL_CONVERSION = YES;
				CLANG_WARN_OBJC_IMPLICIT_RETAIN_SELF = YES;
				CLANG_WARN_OBJC_LITERAL_CONVERSION = YES;
				CLANG_WARN_OBJC_ROOT_CLASS = YES_ERROR;
				CLANG_WARN_QUOTED_INCLUDE_IN_FRAMEWORK_HEADER = YES;
				CLANG_WARN_RANGE_LOOP_ANALYSIS = YES;
				CLANG_WARN_STRICT_PROTOTYPES = YES;
				CLANG_WARN_SUSPICIOUS_MOVE = YES;
				CLANG_WARN_UNGUARDED_AVAILABILITY = YES_AGGRESSIVE;
				CLANG_WARN_UNREACHABLE_CODE = YES;
				CLANG_WARN__DUPLICATE_METHOD_MATCH = YES;
				COPY_PHASE_STRIP = NO;
				DEAD_CODE_STRIPPING = YES;
				DEBUG_INFORMATION_FORMAT = dwarf;
				ENABLE_STRICT_OBJC_MSGSEND = YES;
				ENABLE_TESTABILITY = YES;
				ENABLE_USER_SCRIPT_SANDBOXING = YES;
				GCC_C_LANGUAGE_STANDARD = gnu11;
				GCC_DYNAMIC_NO_PIC = NO;
				GCC_NO_COMMON_BLOCKS = YES;
				GCC_OPTIMIZATION_LEVEL = 0;
				GCC_PREPROCESSOR_DEFINITIONS = (
					"DEBUG=1",
					"$(inherited)",
				);
				GCC_WARN_64_TO_32_BIT_CONVERSION = YES;
				GCC_WARN_ABOUT_RETURN_TYPE = YES_ERROR;
				GCC_WARN_UNDECLARED_SELECTOR = YES;
				GCC_WARN_UNINITIALIZED_AUTOS = YES_AGGRESSIVE;
				GCC_WARN_UNUSED_FUNCTION = YES;
				GCC_WARN_UNUSED_VARIABLE = YES;
				INFOPLIST_KEY_UIApplicationSceneManifest_Generation = NO;
				IPHONEOS_DEPLOYMENT_TARGET = 17.0;
				MACOSX_DEPLOYMENT_TARGET = 14.0;
				MTL_ENABLE_DEBUG_INFO = INCLUDE_SOURCE;
				MTL_FAST_MATH = YES;
				ONLY_ACTIVE_ARCH = YES;
				SWIFT_ACTIVE_COMPILATION_CONDITIONS = DEBUG;
				SWIFT_OPTIMIZATION_LEVEL = "-Onone";
			};
			name = Debug;
		};
		EE00843A28820C8C003BA190 /* Release */ = {
			isa = XCBuildConfiguration;
			buildSettings = {
				ALWAYS_SEARCH_USER_PATHS = NO;
				ASSETCATALOG_COMPILER_GENERATE_SWIFT_ASSET_SYMBOL_EXTENSIONS = YES;
				CLANG_ANALYZER_NONNULL = YES;
				CLANG_ANALYZER_NUMBER_OBJECT_CONVERSION = YES_AGGRESSIVE;
				CLANG_CXX_LANGUAGE_STANDARD = "gnu++17";
				CLANG_ENABLE_MODULES = YES;
				CLANG_ENABLE_OBJC_ARC = YES;
				CLANG_ENABLE_OBJC_WEAK = YES;
				CLANG_WARN_BLOCK_CAPTURE_AUTORELEASING = YES;
				CLANG_WARN_BOOL_CONVERSION = YES;
				CLANG_WARN_COMMA = YES;
				CLANG_WARN_CONSTANT_CONVERSION = YES;
				CLANG_WARN_DEPRECATED_OBJC_IMPLEMENTATIONS = YES;
				CLANG_WARN_DIRECT_OBJC_ISA_USAGE = YES_ERROR;
				CLANG_WARN_DOCUMENTATION_COMMENTS = YES;
				CLANG_WARN_EMPTY_BODY = YES;
				CLANG_WARN_ENUM_CONVERSION = YES;
				CLANG_WARN_INFINITE_RECURSION = YES;
				CLANG_WARN_INT_CONVERSION = YES;
				CLANG_WARN_NON_LITERAL_NULL_CONVERSION = YES;
				CLANG_WARN_OBJC_IMPLICIT_RETAIN_SELF = YES;
				CLANG_WARN_OBJC_LITERAL_CONVERSION = YES;
				CLANG_WARN_OBJC_ROOT_CLASS = YES_ERROR;
				CLANG_WARN_QUOTED_INCLUDE_IN_FRAMEWORK_HEADER = YES;
				CLANG_WARN_RANGE_LOOP_ANALYSIS = YES;
				CLANG_WARN_STRICT_PROTOTYPES = YES;
				CLANG_WARN_SUSPICIOUS_MOVE = YES;
				CLANG_WARN_UNGUARDED_AVAILABILITY = YES_AGGRESSIVE;
				CLANG_WARN_UNREACHABLE_CODE = YES;
				CLANG_WARN__DUPLICATE_METHOD_MATCH = YES;
				COPY_PHASE_STRIP = NO;
				DEAD_CODE_STRIPPING = YES;
				DEBUG_INFORMATION_FORMAT = "dwarf-with-dsym";
				ENABLE_NS_ASSERTIONS = NO;
				ENABLE_STRICT_OBJC_MSGSEND = YES;
				ENABLE_USER_SCRIPT_SANDBOXING = YES;
				GCC_C_LANGUAGE_STANDARD = gnu11;
				GCC_NO_COMMON_BLOCKS = YES;
				GCC_WARN_64_TO_32_BIT_CONVERSION = YES;
				GCC_WARN_ABOUT_RETURN_TYPE = YES_ERROR;
				GCC_WARN_UNDECLARED_SELECTOR = YES;
				GCC_WARN_UNINITIALIZED_AUTOS = YES_AGGRESSIVE;
				GCC_WARN_UNUSED_FUNCTION = YES;
				GCC_WARN_UNUSED_VARIABLE = YES;
				INFOPLIST_KEY_UIApplicationSceneManifest_Generation = NO;
				IPHONEOS_DEPLOYMENT_TARGET = 17.0;
				MACOSX_DEPLOYMENT_TARGET = 14.0;
				MTL_ENABLE_DEBUG_INFO = NO;
				MTL_FAST_MATH = YES;
				SWIFT_COMPILATION_MODE = wholemodule;
				SWIFT_OPTIMIZATION_LEVEL = "-O";
			};
			name = Release;
		};
		EE00843C28820C8C003BA190 /* Debug */ = {
			isa = XCBuildConfiguration;
			buildSettings = {
				ALWAYS_EMBED_SWIFT_STANDARD_LIBRARIES = YES;
				ASSETCATALOG_COMPILER_APPICON_NAME = AppIcon;
				ASSETCATALOG_COMPILER_GLOBAL_ACCENT_COLOR_NAME = AccentColor;
				CODE_SIGN_ENTITLEMENTS = "awsary (iOS).entitlements";
				CODE_SIGN_STYLE = Automatic;
				CURRENT_PROJECT_VERSION = 1;
				DEVELOPMENT_TEAM = 67Z34DP7CK;
				ENABLE_PREVIEWS = YES;
				GENERATE_INFOPLIST_FILE = YES;
				INFOPLIST_FILE = "awsary--iOS--Info.plist";
				INFOPLIST_KEY_LSApplicationCategoryType = "public.app-category.utilities";
				INFOPLIST_KEY_UIApplicationSceneManifest_Generation = YES;
				INFOPLIST_KEY_UIApplicationSupportsIndirectInputEvents = YES;
				INFOPLIST_KEY_UILaunchScreen_Generation = YES;
				INFOPLIST_KEY_UISupportedInterfaceOrientations = "UIInterfaceOrientationLandscapeLeft UIInterfaceOrientationLandscapeRight UIInterfaceOrientationPortrait";
				INFOPLIST_KEY_UISupportedInterfaceOrientations_iPad = "UIInterfaceOrientationLandscapeLeft UIInterfaceOrientationLandscapeRight UIInterfaceOrientationPortrait UIInterfaceOrientationPortraitUpsideDown";
				IPHONEOS_DEPLOYMENT_TARGET = 17.0;
				LD_RUNPATH_SEARCH_PATHS = (
					"$(inherited)",
					"@executable_path/Frameworks",
				);
				MARKETING_VERSION = 1.6.1;
				PRODUCT_BUNDLE_IDENTIFIER = pt.tig.awsary;
				PRODUCT_NAME = AWSary;
				SDKROOT = iphoneos;
				SWIFT_EMIT_LOC_STRINGS = YES;
				SWIFT_VERSION = 5.0;
				TARGETED_DEVICE_FAMILY = "1,2";
			};
			name = Debug;
		};
		EE00843D28820C8C003BA190 /* Release */ = {
			isa = XCBuildConfiguration;
			buildSettings = {
				ALWAYS_EMBED_SWIFT_STANDARD_LIBRARIES = YES;
				ASSETCATALOG_COMPILER_APPICON_NAME = AppIcon;
				ASSETCATALOG_COMPILER_GLOBAL_ACCENT_COLOR_NAME = AccentColor;
				CODE_SIGN_ENTITLEMENTS = "awsary (iOS).entitlements";
				CODE_SIGN_STYLE = Automatic;
				CURRENT_PROJECT_VERSION = 1;
				DEVELOPMENT_TEAM = 67Z34DP7CK;
				ENABLE_PREVIEWS = YES;
				GENERATE_INFOPLIST_FILE = YES;
				INFOPLIST_FILE = "awsary--iOS--Info.plist";
				INFOPLIST_KEY_LSApplicationCategoryType = "public.app-category.utilities";
				INFOPLIST_KEY_UIApplicationSceneManifest_Generation = YES;
				INFOPLIST_KEY_UIApplicationSupportsIndirectInputEvents = YES;
				INFOPLIST_KEY_UILaunchScreen_Generation = YES;
				INFOPLIST_KEY_UISupportedInterfaceOrientations = "UIInterfaceOrientationLandscapeLeft UIInterfaceOrientationLandscapeRight UIInterfaceOrientationPortrait";
				INFOPLIST_KEY_UISupportedInterfaceOrientations_iPad = "UIInterfaceOrientationLandscapeLeft UIInterfaceOrientationLandscapeRight UIInterfaceOrientationPortrait UIInterfaceOrientationPortraitUpsideDown";
				IPHONEOS_DEPLOYMENT_TARGET = 17.0;
				LD_RUNPATH_SEARCH_PATHS = (
					"$(inherited)",
					"@executable_path/Frameworks",
				);
				MARKETING_VERSION = 1.6.1;
				PRODUCT_BUNDLE_IDENTIFIER = pt.tig.awsary;
				PRODUCT_NAME = AWSary;
				SDKROOT = iphoneos;
				SWIFT_EMIT_LOC_STRINGS = YES;
				SWIFT_VERSION = 5.0;
				TARGETED_DEVICE_FAMILY = "1,2";
				VALIDATE_PRODUCT = YES;
			};
			name = Release;
		};
		EE00843F28820C8C003BA190 /* Debug */ = {
			isa = XCBuildConfiguration;
			buildSettings = {
				ASSETCATALOG_COMPILER_APPICON_NAME = AppIcon;
				ASSETCATALOG_COMPILER_GLOBAL_ACCENT_COLOR_NAME = AccentColor;
				CODE_SIGN_ENTITLEMENTS = macOS/macOS.entitlements;
				CODE_SIGN_IDENTITY = "-";
				CODE_SIGN_STYLE = Automatic;
				COMBINE_HIDPI_IMAGES = YES;
				CURRENT_PROJECT_VERSION = 1;
				DEAD_CODE_STRIPPING = YES;
				DEVELOPMENT_TEAM = 67Z34DP7CK;
				ENABLE_HARDENED_RUNTIME = YES;
				ENABLE_PREVIEWS = YES;
				GENERATE_INFOPLIST_FILE = YES;
				INFOPLIST_KEY_LSApplicationCategoryType = "public.app-category.utilities";
				INFOPLIST_KEY_NSHumanReadableCopyright = "";
				LD_RUNPATH_SEARCH_PATHS = (
					"$(inherited)",
					"@executable_path/../Frameworks",
				);
				MACOSX_DEPLOYMENT_TARGET = 14.0;
				MARKETING_VERSION = 1.4.0;
				PRODUCT_BUNDLE_IDENTIFIER = pt.tig.awsary;
				PRODUCT_NAME = awsary;
				SDKROOT = macosx;
				SWIFT_EMIT_LOC_STRINGS = YES;
				SWIFT_VERSION = 5.0;
			};
			name = Debug;
		};
		EE00844028820C8C003BA190 /* Release */ = {
			isa = XCBuildConfiguration;
			buildSettings = {
				ASSETCATALOG_COMPILER_APPICON_NAME = AppIcon;
				ASSETCATALOG_COMPILER_GLOBAL_ACCENT_COLOR_NAME = AccentColor;
				CODE_SIGN_ENTITLEMENTS = macOS/macOS.entitlements;
				CODE_SIGN_IDENTITY = "-";
				CODE_SIGN_STYLE = Automatic;
				COMBINE_HIDPI_IMAGES = YES;
				CURRENT_PROJECT_VERSION = 1;
				DEAD_CODE_STRIPPING = YES;
				DEVELOPMENT_TEAM = 67Z34DP7CK;
				ENABLE_HARDENED_RUNTIME = YES;
				ENABLE_PREVIEWS = YES;
				GENERATE_INFOPLIST_FILE = YES;
				INFOPLIST_KEY_LSApplicationCategoryType = "public.app-category.utilities";
				INFOPLIST_KEY_NSHumanReadableCopyright = "";
				LD_RUNPATH_SEARCH_PATHS = (
					"$(inherited)",
					"@executable_path/../Frameworks",
				);
				MACOSX_DEPLOYMENT_TARGET = 14.0;
				MARKETING_VERSION = 1.4.0;
				PRODUCT_BUNDLE_IDENTIFIER = pt.tig.awsary;
				PRODUCT_NAME = awsary;
				SDKROOT = macosx;
				SWIFT_EMIT_LOC_STRINGS = YES;
				SWIFT_VERSION = 5.0;
			};
			name = Release;
		};
		EE4D8DA12B9C5BC800A96E5C /* Debug */ = {
			isa = XCBuildConfiguration;
			buildSettings = {
				ASSETCATALOG_COMPILER_APPICON_NAME = AppIcon;
				ASSETCATALOG_COMPILER_GLOBAL_ACCENT_COLOR_NAME = AccentColor;
				CLANG_CXX_LANGUAGE_STANDARD = "gnu++20";
				CODE_SIGN_ENTITLEMENTS = AWSaryAppClip/AWSaryAppClip.entitlements;
				CODE_SIGN_STYLE = Automatic;
				CURRENT_PROJECT_VERSION = 1;
				DEVELOPMENT_ASSET_PATHS = "\"AWSaryAppClip/Preview Content\"";
				DEVELOPMENT_TEAM = 67Z34DP7CK;
				ENABLE_PREVIEWS = YES;
				GCC_C_LANGUAGE_STANDARD = gnu17;
				GENERATE_INFOPLIST_FILE = YES;
				INFOPLIST_FILE = AWSaryAppClip/Info.plist;
				INFOPLIST_KEY_CFBundleDisplayName = AWSary;
				INFOPLIST_KEY_LSApplicationCategoryType = "public.app-category.utilities";
				INFOPLIST_KEY_UIApplicationSceneManifest_Generation = YES;
				INFOPLIST_KEY_UIApplicationSupportsIndirectInputEvents = YES;
				INFOPLIST_KEY_UILaunchScreen_Generation = YES;
				INFOPLIST_KEY_UISupportedInterfaceOrientations_iPad = "UIInterfaceOrientationPortrait UIInterfaceOrientationPortraitUpsideDown UIInterfaceOrientationLandscapeLeft UIInterfaceOrientationLandscapeRight";
				INFOPLIST_KEY_UISupportedInterfaceOrientations_iPhone = "UIInterfaceOrientationPortrait UIInterfaceOrientationLandscapeLeft UIInterfaceOrientationLandscapeRight";
				IPHONEOS_DEPLOYMENT_TARGET = 17.0;
				LD_RUNPATH_SEARCH_PATHS = (
					"$(inherited)",
					"@executable_path/Frameworks",
				);
				LOCALIZATION_PREFERS_STRING_CATALOGS = YES;
				MARKETING_VERSION = 1.6.1;
				PRODUCT_BUNDLE_IDENTIFIER = pt.tig.awsary.Clip;
				PRODUCT_NAME = "$(TARGET_NAME)";
				SDKROOT = iphoneos;
				SWIFT_ACTIVE_COMPILATION_CONDITIONS = "DEBUG $(inherited)";
				SWIFT_EMIT_LOC_STRINGS = YES;
				SWIFT_VERSION = 5.0;
				TARGETED_DEVICE_FAMILY = "1,2";
			};
			name = Debug;
		};
		EE4D8DA22B9C5BC800A96E5C /* Release */ = {
			isa = XCBuildConfiguration;
			buildSettings = {
				ASSETCATALOG_COMPILER_APPICON_NAME = AppIcon;
				ASSETCATALOG_COMPILER_GLOBAL_ACCENT_COLOR_NAME = AccentColor;
				CLANG_CXX_LANGUAGE_STANDARD = "gnu++20";
				CODE_SIGN_ENTITLEMENTS = AWSaryAppClip/AWSaryAppClip.entitlements;
				CODE_SIGN_STYLE = Automatic;
				CURRENT_PROJECT_VERSION = 1;
				DEVELOPMENT_ASSET_PATHS = "\"AWSaryAppClip/Preview Content\"";
				DEVELOPMENT_TEAM = 67Z34DP7CK;
				ENABLE_PREVIEWS = YES;
				GCC_C_LANGUAGE_STANDARD = gnu17;
				GENERATE_INFOPLIST_FILE = YES;
				INFOPLIST_FILE = AWSaryAppClip/Info.plist;
				INFOPLIST_KEY_CFBundleDisplayName = AWSary;
				INFOPLIST_KEY_LSApplicationCategoryType = "public.app-category.utilities";
				INFOPLIST_KEY_UIApplicationSceneManifest_Generation = YES;
				INFOPLIST_KEY_UIApplicationSupportsIndirectInputEvents = YES;
				INFOPLIST_KEY_UILaunchScreen_Generation = YES;
				INFOPLIST_KEY_UISupportedInterfaceOrientations_iPad = "UIInterfaceOrientationPortrait UIInterfaceOrientationPortraitUpsideDown UIInterfaceOrientationLandscapeLeft UIInterfaceOrientationLandscapeRight";
				INFOPLIST_KEY_UISupportedInterfaceOrientations_iPhone = "UIInterfaceOrientationPortrait UIInterfaceOrientationLandscapeLeft UIInterfaceOrientationLandscapeRight";
				IPHONEOS_DEPLOYMENT_TARGET = 17.0;
				LD_RUNPATH_SEARCH_PATHS = (
					"$(inherited)",
					"@executable_path/Frameworks",
				);
				LOCALIZATION_PREFERS_STRING_CATALOGS = YES;
				MARKETING_VERSION = 1.6.1;
				PRODUCT_BUNDLE_IDENTIFIER = pt.tig.awsary.Clip;
				PRODUCT_NAME = "$(TARGET_NAME)";
				SDKROOT = iphoneos;
				SWIFT_EMIT_LOC_STRINGS = YES;
				SWIFT_VERSION = 5.0;
				TARGETED_DEVICE_FAMILY = "1,2";
				VALIDATE_PRODUCT = YES;
			};
			name = Release;
		};
/* End XCBuildConfiguration section */

/* Begin XCConfigurationList section */
		EE00842128820C8B003BA190 /* Build configuration list for PBXProject "awsary" */ = {
			isa = XCConfigurationList;
			buildConfigurations = (
				EE00843928820C8C003BA190 /* Debug */,
				EE00843A28820C8C003BA190 /* Release */,
			);
			defaultConfigurationIsVisible = 0;
			defaultConfigurationName = Release;
		};
		EE00843B28820C8C003BA190 /* Build configuration list for PBXNativeTarget "awsary (iOS)" */ = {
			isa = XCConfigurationList;
			buildConfigurations = (
				EE00843C28820C8C003BA190 /* Debug */,
				EE00843D28820C8C003BA190 /* Release */,
			);
			defaultConfigurationIsVisible = 0;
			defaultConfigurationName = Release;
		};
		EE00843E28820C8C003BA190 /* Build configuration list for PBXNativeTarget "awsary (macOS)" */ = {
			isa = XCConfigurationList;
			buildConfigurations = (
				EE00843F28820C8C003BA190 /* Debug */,
				EE00844028820C8C003BA190 /* Release */,
			);
			defaultConfigurationIsVisible = 0;
			defaultConfigurationName = Release;
		};
		EE4D8DA32B9C5BC800A96E5C /* Build configuration list for PBXNativeTarget "AWSaryAppClip" */ = {
			isa = XCConfigurationList;
			buildConfigurations = (
				EE4D8DA12B9C5BC800A96E5C /* Debug */,
				EE4D8DA22B9C5BC800A96E5C /* Release */,
			);
			defaultConfigurationIsVisible = 0;
			defaultConfigurationName = Release;
		};
/* End XCConfigurationList section */

/* Begin XCRemoteSwiftPackageReference section */
		EE29922D29A3CB4E0071030A /* XCRemoteSwiftPackageReference "swift-markdown-ui" */ = {
			isa = XCRemoteSwiftPackageReference;
			repositoryURL = "https://github.com/gonzalezreal/swift-markdown-ui";
			requirement = {
				kind = upToNextMajorVersion;
				minimumVersion = 2.0.0;
			};
		};
		EE7C5E8D2A701DC1005A803F /* XCRemoteSwiftPackageReference "purchases-ios" */ = {
			isa = XCRemoteSwiftPackageReference;
			repositoryURL = "https://github.com/RevenueCat/purchases-ios.git";
			requirement = {
				kind = upToNextMajorVersion;
				minimumVersion = 4.0.0;
			};
		};
		EEE7348D2889A72000718ACC /* XCRemoteSwiftPackageReference "YouTubePlayerKit" */ = {
			isa = XCRemoteSwiftPackageReference;
			repositoryURL = "https://github.com/SvenTiigi/YouTubePlayerKit.git";
			requirement = {
				kind = upToNextMajorVersion;
				minimumVersion = 1.3.0;
			};
		};
/* End XCRemoteSwiftPackageReference section */

/* Begin XCSwiftPackageProductDependency section */
		EE29922E29A3CB4E0071030A /* MarkdownUI */ = {
			isa = XCSwiftPackageProductDependency;
			package = EE29922D29A3CB4E0071030A /* XCRemoteSwiftPackageReference "swift-markdown-ui" */;
			productName = MarkdownUI;
		};
		EE4D8DB62B9C5E7B00A96E5C /* YouTubePlayerKit */ = {
			isa = XCSwiftPackageProductDependency;
			package = EEE7348D2889A72000718ACC /* XCRemoteSwiftPackageReference "YouTubePlayerKit" */;
			productName = YouTubePlayerKit;
		};
		EE4D8DB82B9C5E7B00A96E5C /* MarkdownUI */ = {
			isa = XCSwiftPackageProductDependency;
			package = EE29922D29A3CB4E0071030A /* XCRemoteSwiftPackageReference "swift-markdown-ui" */;
			productName = MarkdownUI;
		};
		EE4D8DBA2B9C5E7B00A96E5C /* RevenueCat */ = {
			isa = XCSwiftPackageProductDependency;
			package = EE7C5E8D2A701DC1005A803F /* XCRemoteSwiftPackageReference "purchases-ios" */;
			productName = RevenueCat;
		};
		EE7C5E8E2A701DC1005A803F /* RevenueCat */ = {
			isa = XCSwiftPackageProductDependency;
			package = EE7C5E8D2A701DC1005A803F /* XCRemoteSwiftPackageReference "purchases-ios" */;
			productName = RevenueCat;
		};
		EEE7348E2889A72000718ACC /* YouTubePlayerKit */ = {
			isa = XCSwiftPackageProductDependency;
			package = EEE7348D2889A72000718ACC /* XCRemoteSwiftPackageReference "YouTubePlayerKit" */;
			productName = YouTubePlayerKit;
		};
/* End XCSwiftPackageProductDependency section */
	};
	rootObject = EE00841E28820C8B003BA190 /* Project object */;
}
