// !$*UTF8*$!
{
	archiveVersion = 1;
	classes = {
	};
	objectVersion = 70;
	objects = {

/* Begin PBXBuildFile section */
		28F5A5D7C8254512AC93B9B7 /* Sentry in Frameworks */ = {isa = PBXBuildFile; productRef = DA82C2C785F24B70B50477D8 /* Sentry */; };
		342A01662E465B1D0093C6E7 /* BuildersContent.swift in Sources */ = {isa = PBXBuildFile; fileRef = 342A01652E465B100093C6E7 /* BuildersContent.swift */; };
		34571B5E2E05BA83008B8BC2 /* RevenueCat in Frameworks */ = {isa = PBXBuildFile; productRef = 34571B5D2E05BA83008B8BC2 /* RevenueCat */; };
		34571B602E05BA83008B8BC2 /* RevenueCatUI in Frameworks */ = {isa = PBXBuildFile; productRef = 34571B5F2E05BA83008B8BC2 /* RevenueCatUI */; };
		34571B672E06F97F008B8BC2 /* PrivacyInfo.xcprivacy in Resources */ = {isa = PBXBuildFile; fileRef = 34571B652E06F97F008B8BC2 /* PrivacyInfo.xcprivacy */; };
		346885762E70CB7B00BED2B9 /* AWSary Watch App.app in Embed Watch Content */ = {isa = PBXBuildFile; fileRef = 3468856C2E70CB7900BED2B9 /* AWSary Watch App.app */; settings = {ATTRIBUTES = (RemoveHeadersOnCopy, ); }; };
		3468857B2E70CBAE00BED2B9 /* AWSaryAppIcon.icon in Resources */ = {isa = PBXBuildFile; fileRef = 34A0B6BF2E4245F700033444 /* AWSaryAppIcon.icon */; };
		3468857D2E70D2E900BED2B9 /* BuildersContent.swift in Sources */ = {isa = PBXBuildFile; fileRef = 342A01652E465B100093C6E7 /* BuildersContent.swift */; };
		3489D56E2E076DD8001F2AE5 /* HomeView.swift in Sources */ = {isa = PBXBuildFile; fileRef = 3489D56D2E076DD8001F2AE5 /* HomeView.swift */; };
		349500BC2E43D38C004133FF /* CommunityDatabaseHelper.swift in Sources */ = {isa = PBXBuildFile; fileRef = 349500BB2E43D385004133FF /* CommunityDatabaseHelper.swift */; };
		349500C02E43F4D6004133FF /* Community.swift in Sources */ = {isa = PBXBuildFile; fileRef = 349500BF2E43F4D2004133FF /* Community.swift */; };
		34A0B6C22E4245F700033444 /* AWSaryAppIcon.icon in Resources */ = {isa = PBXBuildFile; fileRef = 34A0B6BF2E4245F700033444 /* AWSaryAppIcon.icon */; };
		34A535A52E00CA1C004DDE06 /* CachedAppStats.swift in Sources */ = {isa = PBXBuildFile; fileRef = 34A535A22E00CA1C004DDE06 /* CachedAppStats.swift */; };
		34B0E9722E42BE350015AB4A /* Test.swift in Sources */ = {isa = PBXBuildFile; fileRef = 34B0E9712E42BE310015AB4A /* Test.swift */; };
		34B8ABE12E4CDB0B0074B5C5 /* SDWebImageSwiftUI in Frameworks */ = {isa = PBXBuildFile; productRef = 34B8ABE02E4CDB0B0074B5C5 /* SDWebImageSwiftUI */; };
		34B8ABE42E4CDF250074B5C5 /* ImageLoaderView.swift in Sources */ = {isa = PBXBuildFile; fileRef = 34B8ABE32E4CDF1B0074B5C5 /* ImageLoaderView.swift */; };
		34B8ABE62E4CE0100074B5C5 /* MyConstants.swift in Sources */ = {isa = PBXBuildFile; fileRef = 34B8ABE52E4CE00C0074B5C5 /* MyConstants.swift */; };
		34B8ABE82E4CEB570074B5C5 /* StoreLitConfiguration.storekit in Resources */ = {isa = PBXBuildFile; fileRef = 34B8ABE72E4CEB570074B5C5 /* StoreLitConfiguration.storekit */; };
		34B8ABEA2E4CF0560074B5C5 /* Utils.swift in Sources */ = {isa = PBXBuildFile; fileRef = 34B8ABE92E4CF0510074B5C5 /* Utils.swift */; };
		34B8ABEC2E4CF3E90074B5C5 /* ArticleDescriptionSnippet.swift in Sources */ = {isa = PBXBuildFile; fileRef = 34B8ABEB2E4CF3DA0074B5C5 /* ArticleDescriptionSnippet.swift */; };
		34B8ABF12E4F86D80074B5C5 /* ArticleCardView.swift in Sources */ = {isa = PBXBuildFile; fileRef = 34B8ABF02E4F86CF0074B5C5 /* ArticleCardView.swift */; };
		34B8ABF32E4F87120074B5C5 /* WebView.swift in Sources */ = {isa = PBXBuildFile; fileRef = 34B8ABF22E4F870F0074B5C5 /* WebView.swift */; };
		34B8ABF52E4F955B0074B5C5 /* ArticleTempView.swift in Sources */ = {isa = PBXBuildFile; fileRef = 34B8ABF42E4F95540074B5C5 /* ArticleTempView.swift */; };
		34CBED5E2E5F893600FAD96E /* BCArticleDetails.swift in Sources */ = {isa = PBXBuildFile; fileRef = 34CBED5D2E5F893600FAD96E /* BCArticleDetails.swift */; };
		34CBFB932CE0BA25004CFADD /* AppTabsView.swift in Sources */ = {isa = PBXBuildFile; fileRef = 34CBFB912CE0BA25004CFADD /* AppTabsView.swift */; };
		34CBFB9E2CE143B7004CFADD /* Glossary.swift in Sources */ = {isa = PBXBuildFile; fileRef = 34CBFB9B2CE143B7004CFADD /* Glossary.swift */; };
		34DDF78C2E00BDFD00CDD25C /* SystemSetting.swift in Sources */ = {isa = PBXBuildFile; fileRef = 34DDF78B2E00BDFD00CDD25C /* SystemSetting.swift */; };
		34DE6A3E2E18362D0022AECF /* SearchView.swift in Sources */ = {isa = PBXBuildFile; fileRef = 34DE6A3D2E18362A0022AECF /* SearchView.swift */; };
		EE00843328820C8C003BA190 /* AWSaryApp.swift in Sources */ = {isa = PBXBuildFile; fileRef = EE00842328820C8B003BA190 /* AWSaryApp.swift */; };
		EE00843528820C8C003BA190 /* OnboardingView.swift in Sources */ = {isa = PBXBuildFile; fileRef = EE00842428820C8B003BA190 /* OnboardingView.swift */; };
		EE00843728820C8C003BA190 /* Assets.xcassets in Resources */ = {isa = PBXBuildFile; fileRef = EE00842528820C8C003BA190 /* Assets.xcassets */; };
		EE00CBB62963003200FE3DCB /* AwsServiceImageView.swift in Sources */ = {isa = PBXBuildFile; fileRef = EE00CBB52963003200FE3DCB /* AwsServiceImageView.swift */; };
		EE00CBB9296300C800FE3DCB /* AwsServices.swift in Sources */ = {isa = PBXBuildFile; fileRef = EE00CBB8296300C800FE3DCB /* AwsServices.swift */; };
		EE00CBBC29630AAF00FE3DCB /* MyYoutubePlayer.swift in Sources */ = {isa = PBXBuildFile; fileRef = EE00CBBB29630AAF00FE3DCB /* MyYoutubePlayer.swift */; };
		EE04F9CA2B6E48A400B8AA78 /* Game.swift in Sources */ = {isa = PBXBuildFile; fileRef = EE04F9C92B6E48A400B8AA78 /* Game.swift */; };
		EE29922F29A3CB4E0071030A /* MarkdownUI in Frameworks */ = {isa = PBXBuildFile; productRef = EE29922E29A3CB4E0071030A /* MarkdownUI */; };
		EE6A4ED32AA678EA009C1EB4 /* AWSserviceImagePlaceHolderView.swift in Sources */ = {isa = PBXBuildFile; fileRef = EE6A4ED22AA678EA009C1EB4 /* AWSserviceImagePlaceHolderView.swift */; };
		EE6EE5B22C19F6DF00F452E5 /* AAIEventData.swift in Sources */ = {isa = PBXBuildFile; fileRef = EE6EE5B12C19F6DF00F452E5 /* AAIEventData.swift */; };
		EE6EE5B62C19F6F900F452E5 /* TimeZoneInfo.swift in Sources */ = {isa = PBXBuildFile; fileRef = EE6EE5B52C19F6F900F452E5 /* TimeZoneInfo.swift */; };
		EE6EE5BA2C19F74100F452E5 /* CalendarViewModel.swift in Sources */ = {isa = PBXBuildFile; fileRef = EE6EE5B92C19F74100F452E5 /* CalendarViewModel.swift */; };
		EE6EE5BE2C19F7D600F452E5 /* AAIplannerContentView.swift in Sources */ = {isa = PBXBuildFile; fileRef = EE6EE5BD2C19F7D600F452E5 /* AAIplannerContentView.swift */; };
		EE7AE2B42A7072ED00DEEBBE /* Constants.swift in Sources */ = {isa = PBXBuildFile; fileRef = EE7AE2B32A7072ED00DEEBBE /* Constants.swift */; };
		EE7AE2B82A71CDA100DEEBBE /* PurchasesDelegateHandler.swift in Sources */ = {isa = PBXBuildFile; fileRef = EE7AE2B72A71CDA100DEEBBE /* PurchasesDelegateHandler.swift */; };
		EE7AE2BB2A72547F00DEEBBE /* UserViewModel.swift in Sources */ = {isa = PBXBuildFile; fileRef = EE7AE2BA2A72547F00DEEBBE /* UserViewModel.swift */; };
		EE7AE2C12A72559300DEEBBE /* Extensions.swift in Sources */ = {isa = PBXBuildFile; fileRef = EE7AE2C02A72559300DEEBBE /* Extensions.swift */; };
		EE7AE2C52A7258B400DEEBBE /* MyPaywallView.swift in Sources */ = {isa = PBXBuildFile; fileRef = EE7AE2C42A7258B400DEEBBE /* MyPaywallView.swift */; };
		EE7C5E882A6BC5B9005A803F /* aws_services.json in Resources */ = {isa = PBXBuildFile; fileRef = EE7C5E872A6BC5B9005A803F /* aws_services.json */; };
		EECFBC9028883E6A00FFDB49 /* AboutView.swift in Sources */ = {isa = PBXBuildFile; fileRef = EECFBC8F28883E6A00FFDB49 /* AboutView.swift */; };
		EEE080502885A4C000F8F7A4 /* DetailsView.swift in Sources */ = {isa = PBXBuildFile; fileRef = EEE0804F2885A4C000F8F7A4 /* DetailsView.swift */; };
		EEE7348F2889A72000718ACC /* YouTubePlayerKit in Frameworks */ = {isa = PBXBuildFile; productRef = EEE7348E2889A72000718ACC /* YouTubePlayerKit */; };
		EEE8414228820E3B0062238E /* awsService.swift in Sources */ = {isa = PBXBuildFile; fileRef = EEE8414128820E3B0062238E /* awsService.swift */; };
/* End PBXBuildFile section */

/* Begin PBXContainerItemProxy section */
		346885742E70CB7B00BED2B9 /* PBXContainerItemProxy */ = {
			isa = PBXContainerItemProxy;
			containerPortal = EE00841E28820C8B003BA190 /* Project object */;
			proxyType = 1;
			remoteGlobalIDString = 3468856B2E70CB7900BED2B9;
			remoteInfo = "awsary.watchOS Watch App";
		};
/* End PBXContainerItemProxy section */

/* Begin PBXCopyFilesBuildPhase section */
		3468857A2E70CB7B00BED2B9 /* Embed Watch Content */ = {
			isa = PBXCopyFilesBuildPhase;
			buildActionMask = 2147483647;
			dstPath = "$(CONTENTS_FOLDER_PATH)/Watch";
			dstSubfolderSpec = 16;
			files = (
				346885762E70CB7B00BED2B9 /* AWSary Watch App.app in Embed Watch Content */,
			);
			name = "Embed Watch Content";
			runOnlyForDeploymentPostprocessing = 0;
		};
		EE4D8DA02B9C5BC800A96E5C /* Embed App Clips */ = {
			isa = PBXCopyFilesBuildPhase;
			buildActionMask = 2147483647;
			dstPath = "$(CONTENTS_FOLDER_PATH)/AppClips";
			dstSubfolderSpec = 16;
			files = (
			);
			name = "Embed App Clips";
			runOnlyForDeploymentPostprocessing = 0;
		};
/* End PBXCopyFilesBuildPhase section */

/* Begin PBXFileReference section */
		342A01652E465B100093C6E7 /* BuildersContent.swift */ = {isa = PBXFileReference; lastKnownFileType = sourcecode.swift; path = BuildersContent.swift; sourceTree = "<group>"; };
		34571B652E06F97F008B8BC2 /* PrivacyInfo.xcprivacy */ = {isa = PBXFileReference; lastKnownFileType = text.xml; path = PrivacyInfo.xcprivacy; sourceTree = "<group>"; };
		3468856C2E70CB7900BED2B9 /* AWSary Watch App.app */ = {isa = PBXFileReference; explicitFileType = wrapper.application; includeInIndex = 0; path = "AWSary Watch App.app"; sourceTree = BUILT_PRODUCTS_DIR; };
		3468857C2E70CCEE00BED2B9 /* AWSary-Watch-App-Info.plist */ = {isa = PBXFileReference; lastKnownFileType = text.plist; path = "AWSary-Watch-App-Info.plist"; sourceTree = "<group>"; };
		3489D56D2E076DD8001F2AE5 /* HomeView.swift */ = {isa = PBXFileReference; lastKnownFileType = sourcecode.swift; path = HomeView.swift; sourceTree = "<group>"; };
		349500BB2E43D385004133FF /* CommunityDatabaseHelper.swift */ = {isa = PBXFileReference; lastKnownFileType = sourcecode.swift; path = CommunityDatabaseHelper.swift; sourceTree = "<group>"; };
		349500BF2E43F4D2004133FF /* Community.swift */ = {isa = PBXFileReference; lastKnownFileType = sourcecode.swift; path = Community.swift; sourceTree = "<group>"; };
		34A0B6BF2E4245F700033444 /* AWSaryAppIcon.icon */ = {isa = PBXFileReference; lastKnownFileType = folder.iconcomposer.icon; name = AWSaryAppIcon.icon; path = ../../logo/iOS26/AWSaryAppIcon.icon; sourceTree = "<group>"; };
		34A535A22E00CA1C004DDE06 /* CachedAppStats.swift */ = {isa = PBXFileReference; lastKnownFileType = sourcecode.swift; path = CachedAppStats.swift; sourceTree = "<group>"; };
		34B0E9712E42BE310015AB4A /* Test.swift */ = {isa = PBXFileReference; lastKnownFileType = sourcecode.swift; path = Test.swift; sourceTree = "<group>"; };
		34B8ABE32E4CDF1B0074B5C5 /* ImageLoaderView.swift */ = {isa = PBXFileReference; lastKnownFileType = sourcecode.swift; path = ImageLoaderView.swift; sourceTree = "<group>"; };
		34B8ABE52E4CE00C0074B5C5 /* MyConstants.swift */ = {isa = PBXFileReference; lastKnownFileType = sourcecode.swift; path = MyConstants.swift; sourceTree = "<group>"; };
		34B8ABE72E4CEB570074B5C5 /* StoreLitConfiguration.storekit */ = {isa = PBXFileReference; lastKnownFileType = text; path = StoreLitConfiguration.storekit; sourceTree = "<group>"; };
		34B8ABE92E4CF0510074B5C5 /* Utils.swift */ = {isa = PBXFileReference; lastKnownFileType = sourcecode.swift; path = Utils.swift; sourceTree = "<group>"; };
		34B8ABEB2E4CF3DA0074B5C5 /* ArticleDescriptionSnippet.swift */ = {isa = PBXFileReference; lastKnownFileType = sourcecode.swift; path = ArticleDescriptionSnippet.swift; sourceTree = "<group>"; };
		34B8ABF02E4F86CF0074B5C5 /* ArticleCardView.swift */ = {isa = PBXFileReference; lastKnownFileType = sourcecode.swift; path = ArticleCardView.swift; sourceTree = "<group>"; };
		34B8ABF22E4F870F0074B5C5 /* WebView.swift */ = {isa = PBXFileReference; lastKnownFileType = sourcecode.swift; path = WebView.swift; sourceTree = "<group>"; };
		34B8ABF42E4F95540074B5C5 /* ArticleTempView.swift */ = {isa = PBXFileReference; lastKnownFileType = sourcecode.swift; path = ArticleTempView.swift; sourceTree = "<group>"; };
		34CBED5D2E5F893600FAD96E /* BCArticleDetails.swift */ = {isa = PBXFileReference; lastKnownFileType = sourcecode.swift; path = BCArticleDetails.swift; sourceTree = "<group>"; };
		34CBFB912CE0BA25004CFADD /* AppTabsView.swift */ = {isa = PBXFileReference; lastKnownFileType = sourcecode.swift; path = AppTabsView.swift; sourceTree = "<group>"; };
		34CBFB9B2CE143B7004CFADD /* Glossary.swift */ = {isa = PBXFileReference; lastKnownFileType = sourcecode.swift; path = Glossary.swift; sourceTree = "<group>"; };
		34DDF78B2E00BDFD00CDD25C /* SystemSetting.swift */ = {isa = PBXFileReference; lastKnownFileType = sourcecode.swift; path = SystemSetting.swift; sourceTree = "<group>"; };
		34DE6A3D2E18362A0022AECF /* SearchView.swift */ = {isa = PBXFileReference; lastKnownFileType = sourcecode.swift; path = SearchView.swift; sourceTree = "<group>"; };
		EE00842328820C8B003BA190 /* AWSaryApp.swift */ = {isa = PBXFileReference; lastKnownFileType = sourcecode.swift; path = AWSaryApp.swift; sourceTree = "<group>"; };
		EE00842428820C8B003BA190 /* OnboardingView.swift */ = {isa = PBXFileReference; lastKnownFileType = sourcecode.swift; path = OnboardingView.swift; sourceTree = "<group>"; };
		EE00842528820C8C003BA190 /* Assets.xcassets */ = {isa = PBXFileReference; lastKnownFileType = folder.assetcatalog; path = Assets.xcassets; sourceTree = "<group>"; };
		EE00842A28820C8C003BA190 /* AWSary.app */ = {isa = PBXFileReference; explicitFileType = wrapper.application; includeInIndex = 0; path = AWSary.app; sourceTree = BUILT_PRODUCTS_DIR; };
		EE00843228820C8C003BA190 /* macOS.entitlements */ = {isa = PBXFileReference; lastKnownFileType = text.plist.entitlements; path = macOS.entitlements; sourceTree = "<group>"; };
		EE00CBB52963003200FE3DCB /* AwsServiceImageView.swift */ = {isa = PBXFileReference; lastKnownFileType = sourcecode.swift; path = AwsServiceImageView.swift; sourceTree = "<group>"; };
		EE00CBB8296300C800FE3DCB /* AwsServices.swift */ = {isa = PBXFileReference; lastKnownFileType = sourcecode.swift; path = AwsServices.swift; sourceTree = "<group>"; };
		EE00CBBB29630AAF00FE3DCB /* MyYoutubePlayer.swift */ = {isa = PBXFileReference; lastKnownFileType = sourcecode.swift; path = MyYoutubePlayer.swift; sourceTree = "<group>"; };
		EE04F9C92B6E48A400B8AA78 /* Game.swift */ = {isa = PBXFileReference; lastKnownFileType = sourcecode.swift; path = Game.swift; sourceTree = "<group>"; };
		EE2F01E529643CAF003EEB21 /* Info.plist */ = {isa = PBXFileReference; lastKnownFileType = text.plist.xml; path = Info.plist; sourceTree = "<group>"; };
		EE4D8D922B9C5BC600A96E5C /* AWSaryAppClipApp.swift */ = {isa = PBXFileReference; lastKnownFileType = sourcecode.swift; path = AWSaryAppClipApp.swift; sourceTree = "<group>"; };
		EE4D8D962B9C5BC800A96E5C /* Assets.xcassets */ = {isa = PBXFileReference; lastKnownFileType = folder.assetcatalog; path = Assets.xcassets; sourceTree = "<group>"; };
		EE4D8D992B9C5BC800A96E5C /* Preview Assets.xcassets */ = {isa = PBXFileReference; lastKnownFileType = folder.assetcatalog; path = "Preview Assets.xcassets"; sourceTree = "<group>"; };
		EE4D8D9B2B9C5BC800A96E5C /* Info.plist */ = {isa = PBXFileReference; lastKnownFileType = text.plist.xml; path = Info.plist; sourceTree = "<group>"; };
		EE4D8D9C2B9C5BC800A96E5C /* AWSaryAppClip.entitlements */ = {isa = PBXFileReference; lastKnownFileType = text.plist.entitlements; path = AWSaryAppClip.entitlements; sourceTree = "<group>"; };
		EE4D8DBC2B9E639500A96E5C /* AboutViewClipApp.swift */ = {isa = PBXFileReference; lastKnownFileType = sourcecode.swift; path = AboutViewClipApp.swift; sourceTree = "<group>"; };
		EE4D8DC12B9E730500A96E5C /* awsary+iOS.entitlements */ = {isa = PBXFileReference; lastKnownFileType = text.plist.entitlements; path = "awsary+iOS.entitlements"; sourceTree = "<group>"; };
		EE6A4ED22AA678EA009C1EB4 /* AWSserviceImagePlaceHolderView.swift */ = {isa = PBXFileReference; lastKnownFileType = sourcecode.swift; path = AWSserviceImagePlaceHolderView.swift; sourceTree = "<group>"; };
		EE6EE5B12C19F6DF00F452E5 /* AAIEventData.swift */ = {isa = PBXFileReference; lastKnownFileType = sourcecode.swift; path = AAIEventData.swift; sourceTree = "<group>"; };
		EE6EE5B52C19F6F900F452E5 /* TimeZoneInfo.swift */ = {isa = PBXFileReference; lastKnownFileType = sourcecode.swift; path = TimeZoneInfo.swift; sourceTree = "<group>"; };
		EE6EE5B92C19F74100F452E5 /* CalendarViewModel.swift */ = {isa = PBXFileReference; lastKnownFileType = sourcecode.swift; path = CalendarViewModel.swift; sourceTree = "<group>"; };
		EE6EE5BD2C19F7D600F452E5 /* AAIplannerContentView.swift */ = {isa = PBXFileReference; lastKnownFileType = sourcecode.swift; path = AAIplannerContentView.swift; sourceTree = "<group>"; };
		EE7AE2B32A7072ED00DEEBBE /* Constants.swift */ = {isa = PBXFileReference; fileEncoding = 4; lastKnownFileType = sourcecode.swift; path = Constants.swift; sourceTree = "<group>"; };
		EE7AE2B72A71CDA100DEEBBE /* PurchasesDelegateHandler.swift */ = {isa = PBXFileReference; fileEncoding = 4; lastKnownFileType = sourcecode.swift; path = PurchasesDelegateHandler.swift; sourceTree = "<group>"; };
		EE7AE2BA2A72547F00DEEBBE /* UserViewModel.swift */ = {isa = PBXFileReference; fileEncoding = 4; lastKnownFileType = sourcecode.swift; path = UserViewModel.swift; sourceTree = "<group>"; };
		EE7AE2C02A72559300DEEBBE /* Extensions.swift */ = {isa = PBXFileReference; fileEncoding = 4; lastKnownFileType = sourcecode.swift; path = Extensions.swift; sourceTree = "<group>"; };
		EE7AE2C42A7258B400DEEBBE /* MyPaywallView.swift */ = {isa = PBXFileReference; fileEncoding = 4; lastKnownFileType = sourcecode.swift; path = MyPaywallView.swift; sourceTree = "<group>"; };
		EE7C5E872A6BC5B9005A803F /* aws_services.json */ = {isa = PBXFileReference; fileEncoding = 4; lastKnownFileType = text.json; path = aws_services.json; sourceTree = "<group>"; };
		EE9998322C1A177200DD3A30 /* AAIplannerContentView.swift */ = {isa = PBXFileReference; lastKnownFileType = sourcecode.swift; path = AAIplannerContentView.swift; sourceTree = "<group>"; };
		EEB93EC42A7AFCC300373D29 /* StoreKit.framework */ = {isa = PBXFileReference; lastKnownFileType = wrapper.framework; name = StoreKit.framework; path = System/Library/Frameworks/StoreKit.framework; sourceTree = SDKROOT; };
		EECFBC8F28883E6A00FFDB49 /* AboutView.swift */ = {isa = PBXFileReference; lastKnownFileType = sourcecode.swift; path = AboutView.swift; sourceTree = "<group>"; };
		EEE0804F2885A4C000F8F7A4 /* DetailsView.swift */ = {isa = PBXFileReference; lastKnownFileType = sourcecode.swift; path = DetailsView.swift; sourceTree = "<group>"; };
		EEE8414128820E3B0062238E /* awsService.swift */ = {isa = PBXFileReference; fileEncoding = 4; lastKnownFileType = sourcecode.swift; path = awsService.swift; sourceTree = "<group>"; };
/* End PBXFileReference section */

/* Begin PBXFileSystemSynchronizedRootGroup section */
		3468856D2E70CB7900BED2B9 /* AWSary Watch App */ = {isa = PBXFileSystemSynchronizedRootGroup; explicitFileTypes = {}; explicitFolders = (); path = "AWSary Watch App"; sourceTree = "<group>"; };
/* End PBXFileSystemSynchronizedRootGroup section */

/* Begin PBXFrameworksBuildPhase section */
		346885692E70CB7900BED2B9 /* Frameworks */ = {
			isa = PBXFrameworksBuildPhase;
			buildActionMask = 2147483647;
			files = (
			);
			runOnlyForDeploymentPostprocessing = 0;
		};
		EE00842728820C8C003BA190 /* Frameworks */ = {
			isa = PBXFrameworksBuildPhase;
			buildActionMask = 2147483647;
			files = (
				34B8ABE12E4CDB0B0074B5C5 /* SDWebImageSwiftUI in Frameworks */,
				34571B602E05BA83008B8BC2 /* RevenueCatUI in Frameworks */,
				EE29922F29A3CB4E0071030A /* MarkdownUI in Frameworks */,
				EEE7348F2889A72000718ACC /* YouTubePlayerKit in Frameworks */,
				34571B5E2E05BA83008B8BC2 /* RevenueCat in Frameworks */,
				28F5A5D7C8254512AC93B9B7 /* Sentry in Frameworks */,
			);
			runOnlyForDeploymentPostprocessing = 0;
		};
/* End PBXFrameworksBuildPhase section */

/* Begin PBXGroup section */
		342A01622E465A900093C6E7 /* Views */ = {
			isa = PBXGroup;
			children = (
				34CBED5C2E5F88DA00FAD96E /* BuilderCenterArticleDetails */,
				342A01672E465C0A0093C6E7 /* Home */,
				EE00842328820C8B003BA190 /* AWSaryApp.swift */,
				34CBFB912CE0BA25004CFADD /* AppTabsView.swift */,
				34B8ABE22E4CDED20074B5C5 /* AuxiliarViews */,
			);
			path = Views;
			sourceTree = "<group>";
		};
		342A01632E465ADD0093C6E7 /* Model */ = {
			isa = PBXGroup;
			children = (
				342A01652E465B100093C6E7 /* BuildersContent.swift */,
				349500BB2E43D385004133FF /* CommunityDatabaseHelper.swift */,
			);
			path = Model;
			sourceTree = "<group>";
		};
		342A01672E465C0A0093C6E7 /* Home */ = {
			isa = PBXGroup;
			children = (
				34B8ABF42E4F95540074B5C5 /* ArticleTempView.swift */,
				3489D56D2E076DD8001F2AE5 /* HomeView.swift */,
				34B8ABF02E4F86CF0074B5C5 /* ArticleCardView.swift */,
				34B8ABEB2E4CF3DA0074B5C5 /* ArticleDescriptionSnippet.swift */,
				34B8ABF22E4F870F0074B5C5 /* WebView.swift */,
			);
			path = Home;
			sourceTree = "<group>";
		};
		34B8ABE22E4CDED20074B5C5 /* AuxiliarViews */ = {
			isa = PBXGroup;
			children = (
				34B8ABE92E4CF0510074B5C5 /* Utils.swift */,
				34B8ABE52E4CE00C0074B5C5 /* MyConstants.swift */,
				34B8ABE32E4CDF1B0074B5C5 /* ImageLoaderView.swift */,
			);
			path = AuxiliarViews;
			sourceTree = "<group>";
		};
		34CBED5C2E5F88DA00FAD96E /* BuilderCenterArticleDetails */ = {
			isa = PBXGroup;
			children = (
				34CBED5D2E5F893600FAD96E /* BCArticleDetails.swift */,
			);
			path = BuilderCenterArticleDetails;
			sourceTree = "<group>";
		};
		EE00841D28820C8B003BA190 = {
			isa = PBXGroup;
			children = (
				3468857C2E70CCEE00BED2B9 /* AWSary-Watch-App-Info.plist */,
				EE6ABDC12C5B9A7C0025B74B /* AWSary */,
				EE00842228820C8B003BA190 /* Shared */,
				EE4D8D912B9C5BC600A96E5C /* AWSaryAppClip */,
				3468856D2E70CB7900BED2B9 /* AWSary Watch App */,
				EE00842B28820C8C003BA190 /* Products */,
				EEB93EBF2A7AFCA000373D29 /* Frameworks */,
				EE00843228820C8C003BA190 /* macOS.entitlements */,
			);
			sourceTree = "<group>";
		};
		EE00842228820C8B003BA190 /* Shared */ = {
			isa = PBXGroup;
			children = (
				EE6EE5B02C19F6AC00F452E5 /* AAIplanner */,
				EE7AE2B62A71CD7700DEEBBE /* RevenueCat */,
				EE00CBBF29630BC800FE3DCB /* DataModels */,
				EE00CBBE29630BB300FE3DCB /* MainViews */,
				EE00CBC029630C0A00FE3DCB /* AuxiliarViews */,
			);
			path = Shared;
			sourceTree = "<group>";
		};
		EE00842B28820C8C003BA190 /* Products */ = {
			isa = PBXGroup;
			children = (
				EE00842A28820C8C003BA190 /* AWSary.app */,
				3468856C2E70CB7900BED2B9 /* AWSary Watch App.app */,
			);
			name = Products;
			sourceTree = "<group>";
		};
		EE00CBBE29630BB300FE3DCB /* MainViews */ = {
			isa = PBXGroup;
			children = (
				EE00842428820C8B003BA190 /* OnboardingView.swift */,
				34CBFB9B2CE143B7004CFADD /* Glossary.swift */,
				EE04F9C92B6E48A400B8AA78 /* Game.swift */,
				EEE0804F2885A4C000F8F7A4 /* DetailsView.swift */,
				EECFBC8F28883E6A00FFDB49 /* AboutView.swift */,
			);
			path = MainViews;
			sourceTree = "<group>";
		};
		EE00CBBF29630BC800FE3DCB /* DataModels */ = {
			isa = PBXGroup;
			children = (
				34A535A22E00CA1C004DDE06 /* CachedAppStats.swift */,
				EEE8414128820E3B0062238E /* awsService.swift */,
				EE00CBB8296300C800FE3DCB /* AwsServices.swift */,
			);
			path = DataModels;
			sourceTree = "<group>";
		};
		EE00CBC029630C0A00FE3DCB /* AuxiliarViews */ = {
			isa = PBXGroup;
			children = (
				EE00CBB52963003200FE3DCB /* AwsServiceImageView.swift */,
				EE6A4ED22AA678EA009C1EB4 /* AWSserviceImagePlaceHolderView.swift */,
				EE00CBBB29630AAF00FE3DCB /* MyYoutubePlayer.swift */,
			);
			path = AuxiliarViews;
			sourceTree = "<group>";
		};
		EE4D8D912B9C5BC600A96E5C /* AWSaryAppClip */ = {
			isa = PBXGroup;
			children = (
				EE9998322C1A177200DD3A30 /* AAIplannerContentView.swift */,
				EE4D8DBC2B9E639500A96E5C /* AboutViewClipApp.swift */,
				EE4D8D922B9C5BC600A96E5C /* AWSaryAppClipApp.swift */,
				EE4D8D962B9C5BC800A96E5C /* Assets.xcassets */,
				EE4D8D9B2B9C5BC800A96E5C /* Info.plist */,
				EE4D8D9C2B9C5BC800A96E5C /* AWSaryAppClip.entitlements */,
				EE4D8D982B9C5BC800A96E5C /* Preview Content */,
			);
			path = AWSaryAppClip;
			sourceTree = "<group>";
		};
		EE4D8D982B9C5BC800A96E5C /* Preview Content */ = {
			isa = PBXGroup;
			children = (
				EE4D8D992B9C5BC800A96E5C /* Preview Assets.xcassets */,
			);
			path = "Preview Content";
			sourceTree = "<group>";
		};
		EE6ABDBD2C5B97D10025B74B /* sources */ = {
			isa = PBXGroup;
			children = (
				349500BF2E43F4D2004133FF /* Community.swift */,
				34B0E9712E42BE310015AB4A /* Test.swift */,
				34DDF78B2E00BDFD00CDD25C /* SystemSetting.swift */,
				34DE6A3D2E18362A0022AECF /* SearchView.swift */,
			);
			path = sources;
			sourceTree = "<group>";
		};
		EE6ABDBE2C5B97E50025B74B /* Resources */ = {
			isa = PBXGroup;
			children = (
				EE7C5E872A6BC5B9005A803F /* aws_services.json */,
				EE00842528820C8C003BA190 /* Assets.xcassets */,
				34A0B6BF2E4245F700033444 /* AWSaryAppIcon.icon */,
				34571B652E06F97F008B8BC2 /* PrivacyInfo.xcprivacy */,
				EE2F01E529643CAF003EEB21 /* Info.plist */,
				EE4D8DC12B9E730500A96E5C /* awsary+iOS.entitlements */,
			);
			path = Resources;
			sourceTree = "<group>";
		};
		EE6ABDC12C5B9A7C0025B74B /* AWSary */ = {
			isa = PBXGroup;
			children = (
				342A01632E465ADD0093C6E7 /* Model */,
				342A01622E465A900093C6E7 /* Views */,
				EE6ABDBD2C5B97D10025B74B /* sources */,
				EE6ABDBE2C5B97E50025B74B /* Resources */,
			);
			path = AWSary;
			sourceTree = "<group>";
		};
		EE6EE5B02C19F6AC00F452E5 /* AAIplanner */ = {
			isa = PBXGroup;
			children = (
				EE6EE5B12C19F6DF00F452E5 /* AAIEventData.swift */,
				EE6EE5B52C19F6F900F452E5 /* TimeZoneInfo.swift */,
				EE6EE5B92C19F74100F452E5 /* CalendarViewModel.swift */,
				EE6EE5BD2C19F7D600F452E5 /* AAIplannerContentView.swift */,
			);
			path = AAIplanner;
			sourceTree = "<group>";
		};
		EE7AE2B62A71CD7700DEEBBE /* RevenueCat */ = {
			isa = PBXGroup;
			children = (
				34B8ABE72E4CEB570074B5C5 /* StoreLitConfiguration.storekit */,
				EE7AE2B32A7072ED00DEEBBE /* Constants.swift */,
				EE7AE2BF2A72558300DEEBBE /* Lifecycle */,
				EE7AE2C32A7258A400DEEBBE /* Views */,
				EE7AE2BE2A72556900DEEBBE /* ViewModels */,
				EE7AE2BD2A72555D00DEEBBE /* Helpers */,
			);
			path = RevenueCat;
			sourceTree = "<group>";
		};
		EE7AE2BD2A72555D00DEEBBE /* Helpers */ = {
			isa = PBXGroup;
			children = (
				EE7AE2C02A72559300DEEBBE /* Extensions.swift */,
			);
			path = Helpers;
			sourceTree = "<group>";
		};
		EE7AE2BE2A72556900DEEBBE /* ViewModels */ = {
			isa = PBXGroup;
			children = (
				EE7AE2BA2A72547F00DEEBBE /* UserViewModel.swift */,
			);
			path = ViewModels;
			sourceTree = "<group>";
		};
		EE7AE2BF2A72558300DEEBBE /* Lifecycle */ = {
			isa = PBXGroup;
			children = (
				EE7AE2B72A71CDA100DEEBBE /* PurchasesDelegateHandler.swift */,
			);
			path = Lifecycle;
			sourceTree = "<group>";
		};
		EE7AE2C32A7258A400DEEBBE /* Views */ = {
			isa = PBXGroup;
			children = (
				EE7AE2C42A7258B400DEEBBE /* MyPaywallView.swift */,
			);
			path = Views;
			sourceTree = "<group>";
		};
		EEB93EBF2A7AFCA000373D29 /* Frameworks */ = {
			isa = PBXGroup;
			children = (
				EEB93EC42A7AFCC300373D29 /* StoreKit.framework */,
			);
			name = Frameworks;
			sourceTree = "<group>";
		};
/* End PBXGroup section */

/* Begin PBXNativeTarget section */
		3468856B2E70CB7900BED2B9 /* AWSary Watch App */ = {
			isa = PBXNativeTarget;
			buildConfigurationList = 346885772E70CB7B00BED2B9 /* Build configuration list for PBXNativeTarget "AWSary Watch App" */;
			buildPhases = (
				346885682E70CB7900BED2B9 /* Sources */,
				346885692E70CB7900BED2B9 /* Frameworks */,
				3468856A2E70CB7900BED2B9 /* Resources */,
			);
			buildRules = (
			);
			dependencies = (
			);
			fileSystemSynchronizedGroups = (
				3468856D2E70CB7900BED2B9 /* AWSary Watch App */,
			);
			name = "AWSary Watch App";
			packageProductDependencies = (
			);
			productName = "awsary.watchOS Watch App";
			productReference = 3468856C2E70CB7900BED2B9 /* AWSary Watch App.app */;
			productType = "com.apple.product-type.application";
		};
		EE00842928820C8C003BA190 /* awsary (iOS) */ = {
			isa = PBXNativeTarget;
			buildConfigurationList = EE00843B28820C8C003BA190 /* Build configuration list for PBXNativeTarget "awsary (iOS)" */;
			buildPhases = (
				EE00842628820C8C003BA190 /* Sources */,
				EE00842728820C8C003BA190 /* Frameworks */,
				EE00842828820C8C003BA190 /* Resources */,
				EE4D8DA02B9C5BC800A96E5C /* Embed App Clips */,
				F68DC7C5B1784B2CBCB3C6F8 /* Upload Debug Symbols to Sentry */,
				3468857A2E70CB7B00BED2B9 /* Embed Watch Content */,
			);
			buildRules = (
			);
			dependencies = (
				346885752E70CB7B00BED2B9 /* PBXTargetDependency */,
			);
			name = "awsary (iOS)";
			packageProductDependencies = (
				EEE7348E2889A72000718ACC /* YouTubePlayerKit */,
				EE29922E29A3CB4E0071030A /* MarkdownUI */,
				34571B5D2E05BA83008B8BC2 /* RevenueCat */,
				34571B5F2E05BA83008B8BC2 /* RevenueCatUI */,
				34B8ABE02E4CDB0B0074B5C5 /* SDWebImageSwiftUI */,
				DA82C2C785F24B70B50477D8 /* Sentry */,
			);
			productName = "awsary (iOS)";
			productReference = EE00842A28820C8C003BA190 /* AWSary.app */;
			productType = "com.apple.product-type.application";
		};
/* End PBXNativeTarget section */

/* Begin PBXProject section */
		EE00841E28820C8B003BA190 /* Project object */ = {
			isa = PBXProject;
			attributes = {
				BuildIndependentTargetsInParallel = 1;
				LastSwiftUpdateCheck = 2600;
				LastUpgradeCheck = 2600;
				TargetAttributes = {
					3468856B2E70CB7900BED2B9 = {
						CreatedOnToolsVersion = 26.0;
					};
					EE00842928820C8C003BA190 = {
						CreatedOnToolsVersion = 13.4.1;
					};
				};
			};
			buildConfigurationList = EE00842128820C8B003BA190 /* Build configuration list for PBXProject "awsary" */;
			compatibilityVersion = "Xcode 13.0";
			developmentRegion = en;
			hasScannedForEncodings = 0;
			knownRegions = (
				en,
				Base,
			);
			mainGroup = EE00841D28820C8B003BA190;
			packageReferences = (
				EEE7348D2889A72000718ACC /* XCRemoteSwiftPackageReference "YouTubePlayerKit" */,
				EE29922D29A3CB4E0071030A /* XCRemoteSwiftPackageReference "swift-markdown-ui" */,
				34571B5C2E05BA83008B8BC2 /* XCRemoteSwiftPackageReference "purchases-ios-spm" */,
				34B8ABDF2E4CDB0B0074B5C5 /* XCRemoteSwiftPackageReference "SDWebImageSwiftUI" */,
				E8E4EC5F11DD4F8C929EBE09 /* XCRemoteSwiftPackageReference "sentry-cocoa" */,
			);
			productRefGroup = EE00842B28820C8C003BA190 /* Products */;
			projectDirPath = "";
			projectRoot = "";
			targets = (
				EE00842928820C8C003BA190 /* awsary (iOS) */,
				3468856B2E70CB7900BED2B9 /* AWSary Watch App */,
			);
		};
/* End PBXProject section */

/* Begin PBXResourcesBuildPhase section */
		3468856A2E70CB7900BED2B9 /* Resources */ = {
			isa = PBXResourcesBuildPhase;
			buildActionMask = 2147483647;
			files = (
				3468857B2E70CBAE00BED2B9 /* AWSaryAppIcon.icon in Resources */,
			);
			runOnlyForDeploymentPostprocessing = 0;
		};
		EE00842828820C8C003BA190 /* Resources */ = {
			isa = PBXResourcesBuildPhase;
			buildActionMask = 2147483647;
			files = (
				34A0B6C22E4245F700033444 /* AWSaryAppIcon.icon in Resources */,
				34571B672E06F97F008B8BC2 /* PrivacyInfo.xcprivacy in Resources */,
				EE00843728820C8C003BA190 /* Assets.xcassets in Resources */,
				34B8ABE82E4CEB570074B5C5 /* StoreLitConfiguration.storekit in Resources */,
				EE7C5E882A6BC5B9005A803F /* aws_services.json in Resources */,
			);
			runOnlyForDeploymentPostprocessing = 0;
		};
/* End PBXResourcesBuildPhase section */

/* Begin PBXShellScriptBuildPhase section */
		F68DC7C5B1784B2CBCB3C6F8 /* Upload Debug Symbols to Sentry */ = {
			isa = PBXShellScriptBuildPhase;
			alwaysOutOfDate = 1;
			buildActionMask = 2147483647;
			files = (
			);
			inputFileListPaths = (
				"",
			);
			inputPaths = (
				"${DWARF_DSYM_FOLDER_PATH}/${DWARF_DSYM_FILE_NAME}/Contents/Resources/DWARF/${TARGET_NAME}",
			);
			name = "Upload Debug Symbols to Sentry";
			outputPaths = (
				"",
			);
			runOnlyForDeploymentPostprocessing = 0;
			shellPath = /bin/sh;
			shellScript = "# This script is responsible for uploading debug symbols and source context for Sentry.\nif which sentry-cli >/dev/null; then\n  export SENTRY_ORG=tigpt\n  export SENTRY_PROJECT=apple-ios\n  ERROR=$(sentry-cli debug-files upload --include-sources \"$DWARF_DSYM_FOLDER_PATH\" 2>&1 >/dev/null)\n  if [ ! $? -eq 0 ]; then\n    echo \"warning: sentry-cli - $ERROR\"\n  fi\nelse\n  echo \"warning: sentry-cli not installed, download from https://github.com/getsentry/sentry-cli/releases\"\nfi\n";
		};
/* End PBXShellScriptBuildPhase section */

/* Begin PBXSourcesBuildPhase section */
		346885682E70CB7900BED2B9 /* Sources */ = {
			isa = PBXSourcesBuildPhase;
			buildActionMask = 2147483647;
			files = (
				3468857D2E70D2E900BED2B9 /* BuildersContent.swift in Sources */,
			);
			runOnlyForDeploymentPostprocessing = 0;
		};
		EE00842628820C8C003BA190 /* Sources */ = {
			isa = PBXSourcesBuildPhase;
			buildActionMask = 2147483647;
			files = (
				EE7AE2C52A7258B400DEEBBE /* MyPaywallView.swift in Sources */,
				34DDF78C2E00BDFD00CDD25C /* SystemSetting.swift in Sources */,
				EE00843528820C8C003BA190 /* OnboardingView.swift in Sources */,
				34CBED5E2E5F893600FAD96E /* BCArticleDetails.swift in Sources */,
				34B8ABE42E4CDF250074B5C5 /* ImageLoaderView.swift in Sources */,
				EE7AE2BB2A72547F00DEEBBE /* UserViewModel.swift in Sources */,
				EEE080502885A4C000F8F7A4 /* DetailsView.swift in Sources */,
				34B8ABF32E4F87120074B5C5 /* WebView.swift in Sources */,
				EE6EE5B22C19F6DF00F452E5 /* AAIEventData.swift in Sources */,
				EE00CBBC29630AAF00FE3DCB /* MyYoutubePlayer.swift in Sources */,
				EE6EE5BA2C19F74100F452E5 /* CalendarViewModel.swift in Sources */,
				34B8ABE62E4CE0100074B5C5 /* MyConstants.swift in Sources */,
				EE6EE5B62C19F6F900F452E5 /* TimeZoneInfo.swift in Sources */,
				EE00843328820C8C003BA190 /* AWSaryApp.swift in Sources */,
				EE00CBB9296300C800FE3DCB /* AwsServices.swift in Sources */,
				EECFBC9028883E6A00FFDB49 /* AboutView.swift in Sources */,
				EE6A4ED32AA678EA009C1EB4 /* AWSserviceImagePlaceHolderView.swift in Sources */,
				34A535A52E00CA1C004DDE06 /* CachedAppStats.swift in Sources */,
				34B8ABF52E4F955B0074B5C5 /* ArticleTempView.swift in Sources */,
				34CBFB9E2CE143B7004CFADD /* Glossary.swift in Sources */,
				349500BC2E43D38C004133FF /* CommunityDatabaseHelper.swift in Sources */,
				34DE6A3E2E18362D0022AECF /* SearchView.swift in Sources */,
				EE7AE2C12A72559300DEEBBE /* Extensions.swift in Sources */,
				EEE8414228820E3B0062238E /* awsService.swift in Sources */,
				34B8ABF12E4F86D80074B5C5 /* ArticleCardView.swift in Sources */,
				349500C02E43F4D6004133FF /* Community.swift in Sources */,
				EE00CBB62963003200FE3DCB /* AwsServiceImageView.swift in Sources */,
				34B8ABEA2E4CF0560074B5C5 /* Utils.swift in Sources */,
				34B8ABEC2E4CF3E90074B5C5 /* ArticleDescriptionSnippet.swift in Sources */,
				34B0E9722E42BE350015AB4A /* Test.swift in Sources */,
				EE7AE2B82A71CDA100DEEBBE /* PurchasesDelegateHandler.swift in Sources */,
				EE7AE2B42A7072ED00DEEBBE /* Constants.swift in Sources */,
				EE04F9CA2B6E48A400B8AA78 /* Game.swift in Sources */,
				3489D56E2E076DD8001F2AE5 /* HomeView.swift in Sources */,
				34CBFB932CE0BA25004CFADD /* AppTabsView.swift in Sources */,
				EE6EE5BE2C19F7D600F452E5 /* AAIplannerContentView.swift in Sources */,
				342A01662E465B1D0093C6E7 /* BuildersContent.swift in Sources */,
			);
			runOnlyForDeploymentPostprocessing = 0;
		};
/* End PBXSourcesBuildPhase section */

/* Begin PBXTargetDependency section */
		346885752E70CB7B00BED2B9 /* PBXTargetDependency */ = {
			isa = PBXTargetDependency;
			target = 3468856B2E70CB7900BED2B9 /* AWSary Watch App */;
			targetProxy = 346885742E70CB7B00BED2B9 /* PBXContainerItemProxy */;
		};
/* End PBXTargetDependency section */

/* Begin XCBuildConfiguration section */
		346885782E70CB7B00BED2B9 /* Debug */ = {
			isa = XCBuildConfiguration;
			buildSettings = {
				ASSETCATALOG_COMPILER_APPICON_NAME = AppIcon;
				ASSETCATALOG_COMPILER_GLOBAL_ACCENT_COLOR_NAME = AccentColor;
				ASSETCATALOG_COMPILER_INCLUDE_ALL_APPICON_ASSETS = NO;
				CLANG_CXX_LANGUAGE_STANDARD = "gnu++20";
				CODE_SIGN_STYLE = Automatic;
				CURRENT_PROJECT_VERSION = 1;
				ENABLE_PREVIEWS = YES;
				GCC_C_LANGUAGE_STANDARD = gnu17;
				GENERATE_INFOPLIST_FILE = YES;
				INFOPLIST_FILE = "AWSary-Watch-App-Info.plist";
				INFOPLIST_KEY_CFBundleDisplayName = AWSary;
				INFOPLIST_KEY_UISupportedInterfaceOrientations = "UIInterfaceOrientationPortrait UIInterfaceOrientationPortraitUpsideDown";
				INFOPLIST_KEY_WKCompanionAppBundleIdentifier = pt.tig.awsary;
				INFOPLIST_KEY_WKRunsIndependentlyOfCompanionApp = YES;
				LD_RUNPATH_SEARCH_PATHS = (
					"$(inherited)",
					"@executable_path/Frameworks",
				);
				LOCALIZATION_PREFERS_STRING_CATALOGS = YES;
				MARKETING_VERSION = 1.0;
				PRODUCT_BUNDLE_IDENTIFIER = pt.tig.awsary.watchkitapp;
				PRODUCT_NAME = "$(TARGET_NAME)";
				SDKROOT = watchos;
				SKIP_INSTALL = YES;
				STRING_CATALOG_GENERATE_SYMBOLS = YES;
				SWIFT_ACTIVE_COMPILATION_CONDITIONS = "DEBUG $(inherited)";
				SWIFT_APPROACHABLE_CONCURRENCY = YES;
				SWIFT_DEFAULT_ACTOR_ISOLATION = MainActor;
				SWIFT_EMIT_LOC_STRINGS = YES;
				SWIFT_UPCOMING_FEATURE_MEMBER_IMPORT_VISIBILITY = YES;
				SWIFT_VERSION = 5.0;
				TARGETED_DEVICE_FAMILY = 4;
				WATCHOS_DEPLOYMENT_TARGET = 26.0;
			};
			name = Debug;
		};
		346885792E70CB7B00BED2B9 /* Release */ = {
			isa = XCBuildConfiguration;
			buildSettings = {
				ASSETCATALOG_COMPILER_APPICON_NAME = AppIcon;
				ASSETCATALOG_COMPILER_GLOBAL_ACCENT_COLOR_NAME = AccentColor;
				ASSETCATALOG_COMPILER_INCLUDE_ALL_APPICON_ASSETS = NO;
				CLANG_CXX_LANGUAGE_STANDARD = "gnu++20";
				CODE_SIGN_STYLE = Automatic;
				CURRENT_PROJECT_VERSION = 1;
				ENABLE_PREVIEWS = YES;
				GCC_C_LANGUAGE_STANDARD = gnu17;
				GENERATE_INFOPLIST_FILE = YES;
				INFOPLIST_FILE = "AWSary-Watch-App-Info.plist";
				INFOPLIST_KEY_CFBundleDisplayName = AWSary;
				INFOPLIST_KEY_UISupportedInterfaceOrientations = "UIInterfaceOrientationPortrait UIInterfaceOrientationPortraitUpsideDown";
				INFOPLIST_KEY_WKCompanionAppBundleIdentifier = pt.tig.awsary;
				INFOPLIST_KEY_WKRunsIndependentlyOfCompanionApp = YES;
				LD_RUNPATH_SEARCH_PATHS = (
					"$(inherited)",
					"@executable_path/Frameworks",
				);
				LOCALIZATION_PREFERS_STRING_CATALOGS = YES;
				MARKETING_VERSION = 1.0;
				PRODUCT_BUNDLE_IDENTIFIER = pt.tig.awsary.watchkitapp;
				PRODUCT_NAME = "$(TARGET_NAME)";
				SDKROOT = watchos;
				SKIP_INSTALL = YES;
				STRING_CATALOG_GENERATE_SYMBOLS = YES;
				SWIFT_APPROACHABLE_CONCURRENCY = YES;
				SWIFT_DEFAULT_ACTOR_ISOLATION = MainActor;
				SWIFT_EMIT_LOC_STRINGS = YES;
				SWIFT_UPCOMING_FEATURE_MEMBER_IMPORT_VISIBILITY = YES;
				SWIFT_VERSION = 5.0;
				TARGETED_DEVICE_FAMILY = 4;
				VALIDATE_PRODUCT = YES;
				WATCHOS_DEPLOYMENT_TARGET = 26.0;
			};
			name = Release;
		};
		EE00843928820C8C003BA190 /* Debug */ = {
			isa = XCBuildConfiguration;
			buildSettings = {
				ALWAYS_SEARCH_USER_PATHS = NO;
				ASSETCATALOG_COMPILER_GENERATE_SWIFT_ASSET_SYMBOL_EXTENSIONS = YES;
				CLANG_ANALYZER_NONNULL = YES;
				CLANG_ANALYZER_NUMBER_OBJECT_CONVERSION = YES_AGGRESSIVE;
				CLANG_CXX_LANGUAGE_STANDARD = "gnu++17";
				CLANG_ENABLE_MODULES = YES;
				CLANG_ENABLE_OBJC_ARC = YES;
				CLANG_ENABLE_OBJC_WEAK = YES;
				CLANG_WARN_BLOCK_CAPTURE_AUTORELEASING = YES;
				CLANG_WARN_BOOL_CONVERSION = YES;
				CLANG_WARN_COMMA = YES;
				CLANG_WARN_CONSTANT_CONVERSION = YES;
				CLANG_WARN_DEPRECATED_OBJC_IMPLEMENTATIONS = YES;
				CLANG_WARN_DIRECT_OBJC_ISA_USAGE = YES_ERROR;
				CLANG_WARN_DOCUMENTATION_COMMENTS = YES;
				CLANG_WARN_EMPTY_BODY = YES;
				CLANG_WARN_ENUM_CONVERSION = YES;
				CLANG_WARN_INFINITE_RECURSION = YES;
				CLANG_WARN_INT_CONVERSION = YES;
				CLANG_WARN_NON_LITERAL_NULL_CONVERSION = YES;
				CLANG_WARN_OBJC_IMPLICIT_RETAIN_SELF = YES;
				CLANG_WARN_OBJC_LITERAL_CONVERSION = YES;
				CLANG_WARN_OBJC_ROOT_CLASS = YES_ERROR;
				CLANG_WARN_QUOTED_INCLUDE_IN_FRAMEWORK_HEADER = YES;
				CLANG_WARN_RANGE_LOOP_ANALYSIS = YES;
				CLANG_WARN_STRICT_PROTOTYPES = YES;
				CLANG_WARN_SUSPICIOUS_MOVE = YES;
				CLANG_WARN_UNGUARDED_AVAILABILITY = YES_AGGRESSIVE;
				CLANG_WARN_UNREACHABLE_CODE = YES;
				CLANG_WARN__DUPLICATE_METHOD_MATCH = YES;
				COPY_PHASE_STRIP = NO;
				DEAD_CODE_STRIPPING = YES;
				DEBUG_INFORMATION_FORMAT = dwarf;
				DEVELOPMENT_TEAM = 67Z34DP7CK;
				ENABLE_STRICT_OBJC_MSGSEND = YES;
				ENABLE_TESTABILITY = YES;
				ENABLE_USER_SCRIPT_SANDBOXING = YES;
				GCC_C_LANGUAGE_STANDARD = gnu11;
				GCC_DYNAMIC_NO_PIC = NO;
				GCC_NO_COMMON_BLOCKS = YES;
				GCC_OPTIMIZATION_LEVEL = 0;
				GCC_PREPROCESSOR_DEFINITIONS = (
					"DEBUG=1",
					"$(inherited)",
				);
				GCC_WARN_64_TO_32_BIT_CONVERSION = YES;
				GCC_WARN_ABOUT_RETURN_TYPE = YES_ERROR;
				GCC_WARN_UNDECLARED_SELECTOR = YES;
				GCC_WARN_UNINITIALIZED_AUTOS = YES_AGGRESSIVE;
				GCC_WARN_UNUSED_FUNCTION = YES;
				GCC_WARN_UNUSED_VARIABLE = YES;
				INFOPLIST_KEY_UIApplicationSceneManifest_Generation = NO;
				IPHONEOS_DEPLOYMENT_TARGET = 17.0;
				MACOSX_DEPLOYMENT_TARGET = 14.0;
				MTL_ENABLE_DEBUG_INFO = INCLUDE_SOURCE;
				MTL_FAST_MATH = YES;
				ONLY_ACTIVE_ARCH = YES;
				STRING_CATALOG_GENERATE_SYMBOLS = YES;
				SWIFT_ACTIVE_COMPILATION_CONDITIONS = DEBUG;
				SWIFT_OPTIMIZATION_LEVEL = "-Onone";
			};
			name = Debug;
		};
		EE00843A28820C8C003BA190 /* Release */ = {
			isa = XCBuildConfiguration;
			buildSettings = {
				ALWAYS_SEARCH_USER_PATHS = NO;
				ASSETCATALOG_COMPILER_GENERATE_SWIFT_ASSET_SYMBOL_EXTENSIONS = YES;
				CLANG_ANALYZER_NONNULL = YES;
				CLANG_ANALYZER_NUMBER_OBJECT_CONVERSION = YES_AGGRESSIVE;
				CLANG_CXX_LANGUAGE_STANDARD = "gnu++17";
				CLANG_ENABLE_MODULES = YES;
				CLANG_ENABLE_OBJC_ARC = YES;
				CLANG_ENABLE_OBJC_WEAK = YES;
				CLANG_WARN_BLOCK_CAPTURE_AUTORELEASING = YES;
				CLANG_WARN_BOOL_CONVERSION = YES;
				CLANG_WARN_COMMA = YES;
				CLANG_WARN_CONSTANT_CONVERSION = YES;
				CLANG_WARN_DEPRECATED_OBJC_IMPLEMENTATIONS = YES;
				CLANG_WARN_DIRECT_OBJC_ISA_USAGE = YES_ERROR;
				CLANG_WARN_DOCUMENTATION_COMMENTS = YES;
				CLANG_WARN_EMPTY_BODY = YES;
				CLANG_WARN_ENUM_CONVERSION = YES;
				CLANG_WARN_INFINITE_RECURSION = YES;
				CLANG_WARN_INT_CONVERSION = YES;
				CLANG_WARN_NON_LITERAL_NULL_CONVERSION = YES;
				CLANG_WARN_OBJC_IMPLICIT_RETAIN_SELF = YES;
				CLANG_WARN_OBJC_LITERAL_CONVERSION = YES;
				CLANG_WARN_OBJC_ROOT_CLASS = YES_ERROR;
				CLANG_WARN_QUOTED_INCLUDE_IN_FRAMEWORK_HEADER = YES;
				CLANG_WARN_RANGE_LOOP_ANALYSIS = YES;
				CLANG_WARN_STRICT_PROTOTYPES = YES;
				CLANG_WARN_SUSPICIOUS_MOVE = YES;
				CLANG_WARN_UNGUARDED_AVAILABILITY = YES_AGGRESSIVE;
				CLANG_WARN_UNREACHABLE_CODE = YES;
				CLANG_WARN__DUPLICATE_METHOD_MATCH = YES;
				COPY_PHASE_STRIP = NO;
				DEAD_CODE_STRIPPING = YES;
				DEBUG_INFORMATION_FORMAT = "dwarf-with-dsym";
				DEVELOPMENT_TEAM = 67Z34DP7CK;
				ENABLE_NS_ASSERTIONS = NO;
				ENABLE_STRICT_OBJC_MSGSEND = YES;
				ENABLE_USER_SCRIPT_SANDBOXING = YES;
				GCC_C_LANGUAGE_STANDARD = gnu11;
				GCC_NO_COMMON_BLOCKS = YES;
				GCC_WARN_64_TO_32_BIT_CONVERSION = YES;
				GCC_WARN_ABOUT_RETURN_TYPE = YES_ERROR;
				GCC_WARN_UNDECLARED_SELECTOR = YES;
				GCC_WARN_UNINITIALIZED_AUTOS = YES_AGGRESSIVE;
				GCC_WARN_UNUSED_FUNCTION = YES;
				GCC_WARN_UNUSED_VARIABLE = YES;
				INFOPLIST_KEY_UIApplicationSceneManifest_Generation = NO;
				IPHONEOS_DEPLOYMENT_TARGET = 17.0;
				MACOSX_DEPLOYMENT_TARGET = 14.0;
				MTL_ENABLE_DEBUG_INFO = NO;
				MTL_FAST_MATH = YES;
				STRING_CATALOG_GENERATE_SYMBOLS = YES;
				SWIFT_COMPILATION_MODE = wholemodule;
				SWIFT_OPTIMIZATION_LEVEL = "-O";
			};
			name = Release;
		};
		EE00843C28820C8C003BA190 /* Debug */ = {
			isa = XCBuildConfiguration;
			buildSettings = {
				ASSETCATALOG_COMPILER_APPICON_NAME = AWSaryAppIcon;
				ASSETCATALOG_COMPILER_GLOBAL_ACCENT_COLOR_NAME = AccentColor;
				ASSETCATALOG_COMPILER_INCLUDE_ALL_APPICON_ASSETS = YES;
				CODE_SIGN_ENTITLEMENTS = "AWSary/resources/awsary+iOS.entitlements";
				CODE_SIGN_STYLE = Automatic;
				CURRENT_PROJECT_VERSION = 1;
				DEBUG_INFORMATION_FORMAT = "dwarf-with-dsym";
				ENABLE_PREVIEWS = YES;
				ENABLE_USER_SCRIPT_SANDBOXING = NO;
				GENERATE_INFOPLIST_FILE = YES;
				INFOPLIST_FILE = AWSary/resources/Info.plist;
				INFOPLIST_KEY_CFBundleDisplayName = AWSary;
				INFOPLIST_KEY_LSApplicationCategoryType = "public.app-category.utilities";
				INFOPLIST_KEY_NSCalendarsUsageDescription = "This app requires access to calendar to create your trainings plans.";
				INFOPLIST_KEY_UIApplicationSceneManifest_Generation = YES;
				INFOPLIST_KEY_UIApplicationSupportsIndirectInputEvents = YES;
				INFOPLIST_KEY_UILaunchScreen_Generation = YES;
				INFOPLIST_KEY_UISupportedInterfaceOrientations = "UIInterfaceOrientationLandscapeLeft UIInterfaceOrientationLandscapeRight UIInterfaceOrientationPortrait";
				INFOPLIST_KEY_UISupportedInterfaceOrientations_iPad = "UIInterfaceOrientationLandscapeLeft UIInterfaceOrientationLandscapeRight UIInterfaceOrientationPortrait UIInterfaceOrientationPortraitUpsideDown";
				IPHONEOS_DEPLOYMENT_TARGET = 26.0;
				LD_RUNPATH_SEARCH_PATHS = (
					"$(inherited)",
					"@executable_path/Frameworks",
				);
				MARKETING_VERSION = 1.26;
				PRODUCT_BUNDLE_IDENTIFIER = pt.tig.awsary;
				PRODUCT_NAME = AWSary;
				SDKROOT = iphoneos;
				SWIFT_EMIT_LOC_STRINGS = YES;
				SWIFT_VERSION = 5.0;
				TARGETED_DEVICE_FAMILY = "1,2";
			};
			name = Debug;
		};
		EE00843D28820C8C003BA190 /* Release */ = {
			isa = XCBuildConfiguration;
			buildSettings = {
				ASSETCATALOG_COMPILER_APPICON_NAME = AWSaryAppIcon;
				ASSETCATALOG_COMPILER_GLOBAL_ACCENT_COLOR_NAME = AccentColor;
				ASSETCATALOG_COMPILER_INCLUDE_ALL_APPICON_ASSETS = YES;
				CODE_SIGN_ENTITLEMENTS = "AWSary/resources/awsary+iOS.entitlements";
				CODE_SIGN_STYLE = Automatic;
				CURRENT_PROJECT_VERSION = 1;
				DEBUG_INFORMATION_FORMAT = "dwarf-with-dsym";
				ENABLE_PREVIEWS = YES;
				ENABLE_USER_SCRIPT_SANDBOXING = NO;
				GENERATE_INFOPLIST_FILE = YES;
				INFOPLIST_FILE = AWSary/resources/Info.plist;
				INFOPLIST_KEY_CFBundleDisplayName = AWSary;
				INFOPLIST_KEY_LSApplicationCategoryType = "public.app-category.utilities";
				INFOPLIST_KEY_NSCalendarsUsageDescription = "This app requires access to calendar to create your trainings plans.";
				INFOPLIST_KEY_UIApplicationSceneManifest_Generation = YES;
				INFOPLIST_KEY_UIApplicationSupportsIndirectInputEvents = YES;
				INFOPLIST_KEY_UILaunchScreen_Generation = YES;
				INFOPLIST_KEY_UISupportedInterfaceOrientations = "UIInterfaceOrientationLandscapeLeft UIInterfaceOrientationLandscapeRight UIInterfaceOrientationPortrait";
				INFOPLIST_KEY_UISupportedInterfaceOrientations_iPad = "UIInterfaceOrientationLandscapeLeft UIInterfaceOrientationLandscapeRight UIInterfaceOrientationPortrait UIInterfaceOrientationPortraitUpsideDown";
				IPHONEOS_DEPLOYMENT_TARGET = 26.0;
				LD_RUNPATH_SEARCH_PATHS = (
					"$(inherited)",
					"@executable_path/Frameworks",
				);
				MARKETING_VERSION = 1.26;
				PRODUCT_BUNDLE_IDENTIFIER = pt.tig.awsary;
				PRODUCT_NAME = AWSary;
				SDKROOT = iphoneos;
				SWIFT_EMIT_LOC_STRINGS = YES;
				SWIFT_VERSION = 5.0;
				TARGETED_DEVICE_FAMILY = "1,2";
				VALIDATE_PRODUCT = YES;
			};
			name = Release;
		};
/* End XCBuildConfiguration section */

/* Begin XCConfigurationList section */
		346885772E70CB7B00BED2B9 /* Build configuration list for PBXNativeTarget "AWSary Watch App" */ = {
			isa = XCConfigurationList;
			buildConfigurations = (
				346885782E70CB7B00BED2B9 /* Debug */,
				346885792E70CB7B00BED2B9 /* Release */,
			);
			defaultConfigurationIsVisible = 0;
			defaultConfigurationName = Release;
		};
		EE00842128820C8B003BA190 /* Build configuration list for PBXProject "awsary" */ = {
			isa = XCConfigurationList;
			buildConfigurations = (
				EE00843928820C8C003BA190 /* Debug */,
				EE00843A28820C8C003BA190 /* Release */,
			);
			defaultConfigurationIsVisible = 0;
			defaultConfigurationName = Release;
		};
		EE00843B28820C8C003BA190 /* Build configuration list for PBXNativeTarget "awsary (iOS)" */ = {
			isa = XCConfigurationList;
			buildConfigurations = (
				EE00843C28820C8C003BA190 /* Debug */,
				EE00843D28820C8C003BA190 /* Release */,
			);
			defaultConfigurationIsVisible = 0;
			defaultConfigurationName = Release;
		};
/* End XCConfigurationList section */

/* Begin XCRemoteSwiftPackageReference section */
		34571B5C2E05BA83008B8BC2 /* XCRemoteSwiftPackageReference "purchases-ios-spm" */ = {
			isa = XCRemoteSwiftPackageReference;
			repositoryURL = "https://github.com/RevenueCat/purchases-ios-spm.git";
			requirement = {
				kind = upToNextMajorVersion;
				minimumVersion = 5.29.0;
			};
		};
		34B8ABDF2E4CDB0B0074B5C5 /* XCRemoteSwiftPackageReference "SDWebImageSwiftUI" */ = {
			isa = XCRemoteSwiftPackageReference;
			repositoryURL = "https://github.com/SDWebImage/SDWebImageSwiftUI.git";
			requirement = {
				kind = upToNextMajorVersion;
				minimumVersion = 3.1.3;
			};
		};
		E8E4EC5F11DD4F8C929EBE09 /* XCRemoteSwiftPackageReference "sentry-cocoa" */ = {
			isa = XCRemoteSwiftPackageReference;
			repositoryURL = "https://github.com/getsentry/sentry-cocoa/";
			requirement = {
				kind = upToNextMajorVersion;
				minimumVersion = 8.0.0;
			};
		};
		EE29922D29A3CB4E0071030A /* XCRemoteSwiftPackageReference "swift-markdown-ui" */ = {
			isa = XCRemoteSwiftPackageReference;
			repositoryURL = "https://github.com/gonzalezreal/swift-markdown-ui";
			requirement = {
				kind = upToNextMajorVersion;
				minimumVersion = 2.4.0;
			};
		};
		EEE7348D2889A72000718ACC /* XCRemoteSwiftPackageReference "YouTubePlayerKit" */ = {
			isa = XCRemoteSwiftPackageReference;
			repositoryURL = "https://github.com/SvenTiigi/YouTubePlayerKit.git";
			requirement = {
				branch = "feature/xcode-26";
				kind = branch;
			};
		};
/* End XCRemoteSwiftPackageReference section */

/* Begin XCSwiftPackageProductDependency section */
		34571B5D2E05BA83008B8BC2 /* RevenueCat */ = {
			isa = XCSwiftPackageProductDependency;
			package = 34571B5C2E05BA83008B8BC2 /* XCRemoteSwiftPackageReference "purchases-ios-spm" */;
			productName = RevenueCat;
		};
		34571B5F2E05BA83008B8BC2 /* RevenueCatUI */ = {
			isa = XCSwiftPackageProductDependency;
			package = 34571B5C2E05BA83008B8BC2 /* XCRemoteSwiftPackageReference "purchases-ios-spm" */;
			productName = RevenueCatUI;
		};
		34B8ABE02E4CDB0B0074B5C5 /* SDWebImageSwiftUI */ = {
			isa = XCSwiftPackageProductDependency;
			package = 34B8ABDF2E4CDB0B0074B5C5 /* XCRemoteSwiftPackageReference "SDWebImageSwiftUI" */;
			productName = SDWebImageSwiftUI;
		};
		DA82C2C785F24B70B50477D8 /* Sentry */ = {
			isa = XCSwiftPackageProductDependency;
			package = E8E4EC5F11DD4F8C929EBE09 /* XCRemoteSwiftPackageReference "sentry-cocoa" */;
			productName = Sentry;
		};
		EE29922E29A3CB4E0071030A /* MarkdownUI */ = {
			isa = XCSwiftPackageProductDependency;
			package = EE29922D29A3CB4E0071030A /* XCRemoteSwiftPackageReference "swift-markdown-ui" */;
			productName = MarkdownUI;
		};
		EEE7348E2889A72000718ACC /* YouTubePlayerKit */ = {
			isa = XCSwiftPackageProductDependency;
			package = EEE7348D2889A72000718ACC /* XCRemoteSwiftPackageReference "YouTubePlayerKit" */;
			productName = YouTubePlayerKit;
		};
/* End XCSwiftPackageProductDependency section */
	};
	rootObject = EE00841E28820C8B003BA190 /* Project object */;
}
